// !$*UTF8*$!
{
	archiveVersion = 1;
	classes = {
	};
	objectVersion = 56;
	objects = {

/* Begin PBXBuildFile section */
		0E113BE92A0A0FA400AB2EC8 /* PocketLearnerApp.swift in Sources */ = {isa = PBXBuildFile; fileRef = 0E113BE82A0A0FA400AB2EC8 /* PocketLearnerApp.swift */; };
		0E113BED2A0A0FA500AB2EC8 /* Assets.xcassets in Resources */ = {isa = PBXBuildFile; fileRef = 0E113BEC2A0A0FA500AB2EC8 /* Assets.xcassets */; };
		0E113BF02A0A0FA500AB2EC8 /* Preview Assets.xcassets in Resources */ = {isa = PBXBuildFile; fileRef = 0E113BEF2A0A0FA500AB2EC8 /* Preview Assets.xcassets */; };
		0E6B30332A0A4BB100521DE2 /* CommentCreateView.swift in Sources */ = {isa = PBXBuildFile; fileRef = 0E6B30322A0A4BB100521DE2 /* CommentCreateView.swift */; };
		0E6DB2AF2A0A1EE700F6C8DC /* GoogleService-Info.plist in Resources */ = {isa = PBXBuildFile; fileRef = 0E6DB2AE2A0A1EE700F6C8DC /* GoogleService-Info.plist */; };
		0E6DB2BD2A0A298100F6C8DC /* AuthService.swift in Sources */ = {isa = PBXBuildFile; fileRef = 0E6DB2BC2A0A298100F6C8DC /* AuthService.swift */; };
		0E6DB2C32A0A29C500F6C8DC /* CardDetailView.swift in Sources */ = {isa = PBXBuildFile; fileRef = 0E6DB2C12A0A29C500F6C8DC /* CardDetailView.swift */; };
		0E6DB2C42A0A29C500F6C8DC /* SkillSetHorizontalScrollView.swift in Sources */ = {isa = PBXBuildFile; fileRef = 0E6DB2C22A0A29C500F6C8DC /* SkillSetHorizontalScrollView.swift */; };
		0E6DB2C82A0A29D700F6C8DC /* EditCardDesignView.swift in Sources */ = {isa = PBXBuildFile; fileRef = 0E6DB2C62A0A29D700F6C8DC /* EditCardDesignView.swift */; };
		0E6DB2C92A0A29D700F6C8DC /* EditCardInfoView.swift in Sources */ = {isa = PBXBuildFile; fileRef = 0E6DB2C72A0A29D700F6C8DC /* EditCardInfoView.swift */; };
		0E6DB2CD2A0A29F000F6C8DC /* InitailCardMainView.swift in Sources */ = {isa = PBXBuildFile; fileRef = 0E6DB2CC2A0A29F000F6C8DC /* InitailCardMainView.swift */; };
		0E6DB2D42A0A2A0000F6C8DC /* MainNameCardTabView.swift in Sources */ = {isa = PBXBuildFile; fileRef = 0E6DB2CF2A0A2A0000F6C8DC /* MainNameCardTabView.swift */; };
		0E6DB2D52A0A2A0000F6C8DC /* CardCollectionView.swift in Sources */ = {isa = PBXBuildFile; fileRef = 0E6DB2D02A0A2A0000F6C8DC /* CardCollectionView.swift */; };
		0E6DB2D62A0A2A0000F6C8DC /* MainTabView.swift in Sources */ = {isa = PBXBuildFile; fileRef = 0E6DB2D12A0A2A0000F6C8DC /* MainTabView.swift */; };
		0E6DB2D72A0A2A0000F6C8DC /* MyCardView.swift in Sources */ = {isa = PBXBuildFile; fileRef = 0E6DB2D22A0A2A0000F6C8DC /* MyCardView.swift */; };
		0E6DB2D82A0A2A0000F6C8DC /* CardTemplate.swift in Sources */ = {isa = PBXBuildFile; fileRef = 0E6DB2D32A0A2A0000F6C8DC /* CardTemplate.swift */; };
		0E6DB2DF2A0A2A1C00F6C8DC /* CreateNickNameView.swift in Sources */ = {isa = PBXBuildFile; fileRef = 0E6DB2DB2A0A2A1C00F6C8DC /* CreateNickNameView.swift */; };
		0E6DB2E02A0A2A1C00F6C8DC /* CreateTimeView.swift in Sources */ = {isa = PBXBuildFile; fileRef = 0E6DB2DC2A0A2A1C00F6C8DC /* CreateTimeView.swift */; };
		0E6DB2E12A0A2A1C00F6C8DC /* AppleLoginView.swift in Sources */ = {isa = PBXBuildFile; fileRef = 0E6DB2DD2A0A2A1C00F6C8DC /* AppleLoginView.swift */; };
		0E6DB2E22A0A2A1C00F6C8DC /* IntroView.swift in Sources */ = {isa = PBXBuildFile; fileRef = 0E6DB2DE2A0A2A1C00F6C8DC /* IntroView.swift */; };
		0E6DB2E42A0A305C00F6C8DC /* CommentView.swift in Sources */ = {isa = PBXBuildFile; fileRef = 0E6DB2E32A0A305C00F6C8DC /* CommentView.swift */; };
		0ED6DEC12A0A139E009F21BC /* FirebaseAuth in Frameworks */ = {isa = PBXBuildFile; productRef = 0ED6DEC02A0A139E009F21BC /* FirebaseAuth */; };
		0ED6DEC32A0A139E009F21BC /* FirebaseAuthCombine-Community in Frameworks */ = {isa = PBXBuildFile; productRef = 0ED6DEC22A0A139E009F21BC /* FirebaseAuthCombine-Community */; };
		0ED6DEC52A0A139E009F21BC /* FirebaseDatabase in Frameworks */ = {isa = PBXBuildFile; productRef = 0ED6DEC42A0A139E009F21BC /* FirebaseDatabase */; };
		0ED6DEC72A0A139E009F21BC /* FirebaseFirestore in Frameworks */ = {isa = PBXBuildFile; productRef = 0ED6DEC62A0A139E009F21BC /* FirebaseFirestore */; };
		0ED6DEC92A0A139E009F21BC /* FirebaseInAppMessaging-Beta in Frameworks */ = {isa = PBXBuildFile; productRef = 0ED6DEC82A0A139E009F21BC /* FirebaseInAppMessaging-Beta */; };
		0ED6DECB2A0A139E009F21BC /* FirebaseInAppMessagingSwift-Beta in Frameworks */ = {isa = PBXBuildFile; productRef = 0ED6DECA2A0A139E009F21BC /* FirebaseInAppMessagingSwift-Beta */; };
		0ED6DECD2A0A139E009F21BC /* FirebaseMessaging in Frameworks */ = {isa = PBXBuildFile; productRef = 0ED6DECC2A0A139E009F21BC /* FirebaseMessaging */; };
		0ED6DECF2A0A139E009F21BC /* FirebaseStorage in Frameworks */ = {isa = PBXBuildFile; productRef = 0ED6DECE2A0A139E009F21BC /* FirebaseStorage */; };
		0ED6DEDA2A0A1BDF009F21BC /* ContentView.swift in Sources */ = {isa = PBXBuildFile; fileRef = 0ED6DED92A0A1BDF009F21BC /* ContentView.swift */; };
/* End PBXBuildFile section */

/* Begin PBXFileReference section */
		0E113BE52A0A0FA400AB2EC8 /* PocketLearner.app */ = {isa = PBXFileReference; explicitFileType = wrapper.application; includeInIndex = 0; path = PocketLearner.app; sourceTree = BUILT_PRODUCTS_DIR; };
		0E113BE82A0A0FA400AB2EC8 /* PocketLearnerApp.swift */ = {isa = PBXFileReference; lastKnownFileType = sourcecode.swift; path = PocketLearnerApp.swift; sourceTree = "<group>"; };
		0E113BEC2A0A0FA500AB2EC8 /* Assets.xcassets */ = {isa = PBXFileReference; lastKnownFileType = folder.assetcatalog; path = Assets.xcassets; sourceTree = "<group>"; };
		0E113BEF2A0A0FA500AB2EC8 /* Preview Assets.xcassets */ = {isa = PBXFileReference; lastKnownFileType = folder.assetcatalog; path = "Preview Assets.xcassets"; sourceTree = "<group>"; };
		0E6B30322A0A4BB100521DE2 /* CommentCreateView.swift */ = {isa = PBXFileReference; lastKnownFileType = sourcecode.swift; path = CommentCreateView.swift; sourceTree = "<group>"; };
		0E6DB2AE2A0A1EE700F6C8DC /* GoogleService-Info.plist */ = {isa = PBXFileReference; fileEncoding = 4; lastKnownFileType = text.plist.xml; path = "GoogleService-Info.plist"; sourceTree = "<group>"; };
		0E6DB2BC2A0A298100F6C8DC /* AuthService.swift */ = {isa = PBXFileReference; fileEncoding = 4; lastKnownFileType = sourcecode.swift; path = AuthService.swift; sourceTree = "<group>"; };
		0E6DB2C12A0A29C500F6C8DC /* CardDetailView.swift */ = {isa = PBXFileReference; fileEncoding = 4; lastKnownFileType = sourcecode.swift; path = CardDetailView.swift; sourceTree = "<group>"; };
		0E6DB2C22A0A29C500F6C8DC /* SkillSetHorizontalScrollView.swift */ = {isa = PBXFileReference; fileEncoding = 4; lastKnownFileType = sourcecode.swift; path = SkillSetHorizontalScrollView.swift; sourceTree = "<group>"; };
		0E6DB2C62A0A29D700F6C8DC /* EditCardDesignView.swift */ = {isa = PBXFileReference; fileEncoding = 4; lastKnownFileType = sourcecode.swift; path = EditCardDesignView.swift; sourceTree = "<group>"; };
		0E6DB2C72A0A29D700F6C8DC /* EditCardInfoView.swift */ = {isa = PBXFileReference; fileEncoding = 4; lastKnownFileType = sourcecode.swift; path = EditCardInfoView.swift; sourceTree = "<group>"; };
		0E6DB2CC2A0A29F000F6C8DC /* InitailCardMainView.swift */ = {isa = PBXFileReference; fileEncoding = 4; lastKnownFileType = sourcecode.swift; path = InitailCardMainView.swift; sourceTree = "<group>"; };
		0E6DB2CF2A0A2A0000F6C8DC /* MainNameCardTabView.swift */ = {isa = PBXFileReference; fileEncoding = 4; lastKnownFileType = sourcecode.swift; path = MainNameCardTabView.swift; sourceTree = "<group>"; };
		0E6DB2D02A0A2A0000F6C8DC /* CardCollectionView.swift */ = {isa = PBXFileReference; fileEncoding = 4; lastKnownFileType = sourcecode.swift; path = CardCollectionView.swift; sourceTree = "<group>"; };
		0E6DB2D12A0A2A0000F6C8DC /* MainTabView.swift */ = {isa = PBXFileReference; fileEncoding = 4; lastKnownFileType = sourcecode.swift; path = MainTabView.swift; sourceTree = "<group>"; };
		0E6DB2D22A0A2A0000F6C8DC /* MyCardView.swift */ = {isa = PBXFileReference; fileEncoding = 4; lastKnownFileType = sourcecode.swift; path = MyCardView.swift; sourceTree = "<group>"; };
		0E6DB2D32A0A2A0000F6C8DC /* CardTemplate.swift */ = {isa = PBXFileReference; fileEncoding = 4; lastKnownFileType = sourcecode.swift; path = CardTemplate.swift; sourceTree = "<group>"; };
		0E6DB2DB2A0A2A1C00F6C8DC /* CreateNickNameView.swift */ = {isa = PBXFileReference; fileEncoding = 4; lastKnownFileType = sourcecode.swift; path = CreateNickNameView.swift; sourceTree = "<group>"; };
		0E6DB2DC2A0A2A1C00F6C8DC /* CreateTimeView.swift */ = {isa = PBXFileReference; fileEncoding = 4; lastKnownFileType = sourcecode.swift; path = CreateTimeView.swift; sourceTree = "<group>"; };
		0E6DB2DD2A0A2A1C00F6C8DC /* AppleLoginView.swift */ = {isa = PBXFileReference; fileEncoding = 4; lastKnownFileType = sourcecode.swift; path = AppleLoginView.swift; sourceTree = "<group>"; };
		0E6DB2DE2A0A2A1C00F6C8DC /* IntroView.swift */ = {isa = PBXFileReference; fileEncoding = 4; lastKnownFileType = sourcecode.swift; path = IntroView.swift; sourceTree = "<group>"; };
		0E6DB2E32A0A305C00F6C8DC /* CommentView.swift */ = {isa = PBXFileReference; lastKnownFileType = sourcecode.swift; path = CommentView.swift; sourceTree = "<group>"; };
		0ED6DED32A0A14C5009F21BC /* PocketLearner.entitlements */ = {isa = PBXFileReference; lastKnownFileType = text.plist.entitlements; path = PocketLearner.entitlements; sourceTree = "<group>"; };
		0ED6DED92A0A1BDF009F21BC /* ContentView.swift */ = {isa = PBXFileReference; fileEncoding = 4; lastKnownFileType = sourcecode.swift; path = ContentView.swift; sourceTree = "<group>"; };
/* End PBXFileReference section */

/* Begin PBXFrameworksBuildPhase section */
		0E113BE22A0A0FA400AB2EC8 /* Frameworks */ = {
			isa = PBXFrameworksBuildPhase;
			buildActionMask = 2147483647;
			files = (
				0ED6DEC52A0A139E009F21BC /* FirebaseDatabase in Frameworks */,
				0ED6DEC72A0A139E009F21BC /* FirebaseFirestore in Frameworks */,
				0ED6DECD2A0A139E009F21BC /* FirebaseMessaging in Frameworks */,
				0ED6DEC12A0A139E009F21BC /* FirebaseAuth in Frameworks */,
				0ED6DEC32A0A139E009F21BC /* FirebaseAuthCombine-Community in Frameworks */,
				0ED6DECF2A0A139E009F21BC /* FirebaseStorage in Frameworks */,
				0ED6DECB2A0A139E009F21BC /* FirebaseInAppMessagingSwift-Beta in Frameworks */,
				0ED6DEC92A0A139E009F21BC /* FirebaseInAppMessaging-Beta in Frameworks */,
			);
			runOnlyForDeploymentPostprocessing = 0;
		};
/* End PBXFrameworksBuildPhase section */

/* Begin PBXGroup section */
		0E113BDC2A0A0FA400AB2EC8 = {
			isa = PBXGroup;
			children = (
				0E6DB2AE2A0A1EE700F6C8DC /* GoogleService-Info.plist */,
				0E113BE72A0A0FA400AB2EC8 /* PocketLearner */,
				0E113BE62A0A0FA400AB2EC8 /* Products */,
			);
			sourceTree = "<group>";
		};
		0E113BE62A0A0FA400AB2EC8 /* Products */ = {
			isa = PBXGroup;
			children = (
				0E113BE52A0A0FA400AB2EC8 /* PocketLearner.app */,
			);
			name = Products;
			sourceTree = "<group>";
		};
		0E113BE72A0A0FA400AB2EC8 /* PocketLearner */ = {
			isa = PBXGroup;
			children = (
				0E6DB2BF2A0A29B200F6C8DC /* Views */,
				0E6DB2BE2A0A298C00F6C8DC /* Constants */,
				0E6DB2BA2A0A296A00F6C8DC /* Components */,
				0ED6DED32A0A14C5009F21BC /* PocketLearner.entitlements */,
				0E113BE82A0A0FA400AB2EC8 /* PocketLearnerApp.swift */,
				0ED6DED92A0A1BDF009F21BC /* ContentView.swift */,
				0E113BEC2A0A0FA500AB2EC8 /* Assets.xcassets */,
				0E113BEE2A0A0FA500AB2EC8 /* Preview Content */,
			);
			path = PocketLearner;
			sourceTree = "<group>";
		};
		0E113BEE2A0A0FA500AB2EC8 /* Preview Content */ = {
			isa = PBXGroup;
			children = (
				0E113BEF2A0A0FA500AB2EC8 /* Preview Assets.xcassets */,
			);
			path = "Preview Content";
			sourceTree = "<group>";
		};
		0E6DB2BA2A0A296A00F6C8DC /* Components */ = {
			isa = PBXGroup;
			children = (
				0E6DB2BB2A0A297B00F6C8DC /* API */,
			);
			path = Components;
			sourceTree = "<group>";
		};
		0E6DB2BB2A0A297B00F6C8DC /* API */ = {
			isa = PBXGroup;
			children = (
				0E6DB2BC2A0A298100F6C8DC /* AuthService.swift */,
			);
			path = API;
			sourceTree = "<group>";
		};
		0E6DB2BE2A0A298C00F6C8DC /* Constants */ = {
			isa = PBXGroup;
			children = (
			);
			path = Constants;
			sourceTree = "<group>";
		};
		0E6DB2BF2A0A29B200F6C8DC /* Views */ = {
			isa = PBXGroup;
			children = (
				0E6DB2DA2A0A2A1200F6C8DC /* Intro */,
				0E6DB2D92A0A2A0400F6C8DC /* Comment */,
				0E6DB2CE2A0A29F500F6C8DC /* CardList */,
				0E6DB2CB2A0A29E600F6C8DC /* CardGenerate */,
				0E6DB2CA2A0A29DD00F6C8DC /* CardExchange */,
				0E6DB2C52A0A29CC00F6C8DC /* CardDetailEdit */,
				0E6DB2C02A0A29BB00F6C8DC /* CardDetail */,
			);
			path = Views;
			sourceTree = "<group>";
		};
		0E6DB2C02A0A29BB00F6C8DC /* CardDetail */ = {
			isa = PBXGroup;
			children = (
				0E6DB2C12A0A29C500F6C8DC /* CardDetailView.swift */,
				0E6DB2C22A0A29C500F6C8DC /* SkillSetHorizontalScrollView.swift */,
			);
			path = CardDetail;
			sourceTree = "<group>";
		};
		0E6DB2C52A0A29CC00F6C8DC /* CardDetailEdit */ = {
			isa = PBXGroup;
			children = (
				0E6DB2C62A0A29D700F6C8DC /* EditCardDesignView.swift */,
				0E6DB2C72A0A29D700F6C8DC /* EditCardInfoView.swift */,
			);
			path = CardDetailEdit;
			sourceTree = "<group>";
		};
		0E6DB2CA2A0A29DD00F6C8DC /* CardExchange */ = {
			isa = PBXGroup;
			children = (
			);
			path = CardExchange;
			sourceTree = "<group>";
		};
		0E6DB2CB2A0A29E600F6C8DC /* CardGenerate */ = {
			isa = PBXGroup;
			children = (
				0E6DB2CC2A0A29F000F6C8DC /* InitailCardMainView.swift */,
			);
			path = CardGenerate;
			sourceTree = "<group>";
		};
		0E6DB2CE2A0A29F500F6C8DC /* CardList */ = {
			isa = PBXGroup;
			children = (
				0E6DB2D02A0A2A0000F6C8DC /* CardCollectionView.swift */,
				0E6DB2D32A0A2A0000F6C8DC /* CardTemplate.swift */,
				0E6DB2CF2A0A2A0000F6C8DC /* MainNameCardTabView.swift */,
				0E6DB2D12A0A2A0000F6C8DC /* MainTabView.swift */,
				0E6DB2D22A0A2A0000F6C8DC /* MyCardView.swift */,
			);
			path = CardList;
			sourceTree = "<group>";
		};
		0E6DB2D92A0A2A0400F6C8DC /* Comment */ = {
			isa = PBXGroup;
			children = (
				0E6DB2E32A0A305C00F6C8DC /* CommentView.swift */,
				0E6B30322A0A4BB100521DE2 /* CommentCreateView.swift */,
			);
			path = Comment;
			sourceTree = "<group>";
		};
		0E6DB2DA2A0A2A1200F6C8DC /* Intro */ = {
			isa = PBXGroup;
			children = (
				0E6DB2DD2A0A2A1C00F6C8DC /* AppleLoginView.swift */,
				0E6DB2DB2A0A2A1C00F6C8DC /* CreateNickNameView.swift */,
				0E6DB2DC2A0A2A1C00F6C8DC /* CreateTimeView.swift */,
				0E6DB2DE2A0A2A1C00F6C8DC /* IntroView.swift */,
			);
			path = Intro;
			sourceTree = "<group>";
		};
/* End PBXGroup section */

/* Begin PBXNativeTarget section */
		0E113BE42A0A0FA400AB2EC8 /* PocketLearner */ = {
			isa = PBXNativeTarget;
			buildConfigurationList = 0E113BF32A0A0FA500AB2EC8 /* Build configuration list for PBXNativeTarget "PocketLearner" */;
			buildPhases = (
				0E113BE12A0A0FA400AB2EC8 /* Sources */,
				0E113BE22A0A0FA400AB2EC8 /* Frameworks */,
				0E113BE32A0A0FA400AB2EC8 /* Resources */,
			);
			buildRules = (
			);
			dependencies = (
			);
			name = PocketLearner;
			packageProductDependencies = (
				0ED6DEC02A0A139E009F21BC /* FirebaseAuth */,
				0ED6DEC22A0A139E009F21BC /* FirebaseAuthCombine-Community */,
				0ED6DEC42A0A139E009F21BC /* FirebaseDatabase */,
				0ED6DEC62A0A139E009F21BC /* FirebaseFirestore */,
				0ED6DEC82A0A139E009F21BC /* FirebaseInAppMessaging-Beta */,
				0ED6DECA2A0A139E009F21BC /* FirebaseInAppMessagingSwift-Beta */,
				0ED6DECC2A0A139E009F21BC /* FirebaseMessaging */,
				0ED6DECE2A0A139E009F21BC /* FirebaseStorage */,
			);
			productName = PocketLearner;
			productReference = 0E113BE52A0A0FA400AB2EC8 /* PocketLearner.app */;
			productType = "com.apple.product-type.application";
		};
/* End PBXNativeTarget section */

/* Begin PBXProject section */
		0E113BDD2A0A0FA400AB2EC8 /* Project object */ = {
			isa = PBXProject;
			attributes = {
				BuildIndependentTargetsInParallel = 1;
				LastSwiftUpdateCheck = 1430;
				LastUpgradeCheck = 1430;
				TargetAttributes = {
					0E113BE42A0A0FA400AB2EC8 = {
						CreatedOnToolsVersion = 14.3;
					};
				};
			};
			buildConfigurationList = 0E113BE02A0A0FA400AB2EC8 /* Build configuration list for PBXProject "PocketLearner" */;
			compatibilityVersion = "Xcode 14.0";
			developmentRegion = en;
			hasScannedForEncodings = 0;
			knownRegions = (
				en,
				Base,
			);
			mainGroup = 0E113BDC2A0A0FA400AB2EC8;
			packageReferences = (
				0ED6DEBF2A0A139E009F21BC /* XCRemoteSwiftPackageReference "firebase-ios-sdk" */,
			);
			productRefGroup = 0E113BE62A0A0FA400AB2EC8 /* Products */;
			projectDirPath = "";
			projectRoot = "";
			targets = (
				0E113BE42A0A0FA400AB2EC8 /* PocketLearner */,
			);
		};
/* End PBXProject section */

/* Begin PBXResourcesBuildPhase section */
		0E113BE32A0A0FA400AB2EC8 /* Resources */ = {
			isa = PBXResourcesBuildPhase;
			buildActionMask = 2147483647;
			files = (
				0E113BF02A0A0FA500AB2EC8 /* Preview Assets.xcassets in Resources */,
				0E113BED2A0A0FA500AB2EC8 /* Assets.xcassets in Resources */,
				0E6DB2AF2A0A1EE700F6C8DC /* GoogleService-Info.plist in Resources */,
			);
			runOnlyForDeploymentPostprocessing = 0;
		};
/* End PBXResourcesBuildPhase section */

/* Begin PBXSourcesBuildPhase section */
		0E113BE12A0A0FA400AB2EC8 /* Sources */ = {
			isa = PBXSourcesBuildPhase;
			buildActionMask = 2147483647;
			files = (
				0E6DB2E42A0A305C00F6C8DC /* CommentView.swift in Sources */,
				0E6DB2DF2A0A2A1C00F6C8DC /* CreateNickNameView.swift in Sources */,
				0E6DB2CD2A0A29F000F6C8DC /* InitailCardMainView.swift in Sources */,
				0E6DB2D42A0A2A0000F6C8DC /* MainNameCardTabView.swift in Sources */,
				0E6DB2BD2A0A298100F6C8DC /* AuthService.swift in Sources */,
				0ED6DEDA2A0A1BDF009F21BC /* ContentView.swift in Sources */,
				0E6DB2E12A0A2A1C00F6C8DC /* AppleLoginView.swift in Sources */,
				0E6DB2E02A0A2A1C00F6C8DC /* CreateTimeView.swift in Sources */,
				0E6DB2C82A0A29D700F6C8DC /* EditCardDesignView.swift in Sources */,
				0E6DB2D62A0A2A0000F6C8DC /* MainTabView.swift in Sources */,
				0E6DB2D72A0A2A0000F6C8DC /* MyCardView.swift in Sources */,
				0E113BE92A0A0FA400AB2EC8 /* PocketLearnerApp.swift in Sources */,
				0E6DB2D52A0A2A0000F6C8DC /* CardCollectionView.swift in Sources */,
				0E6DB2D82A0A2A0000F6C8DC /* CardTemplate.swift in Sources */,
				0E6DB2E22A0A2A1C00F6C8DC /* IntroView.swift in Sources */,
				0E6DB2C32A0A29C500F6C8DC /* CardDetailView.swift in Sources */,
				0E6B30332A0A4BB100521DE2 /* CommentCreateView.swift in Sources */,
				0E6DB2C42A0A29C500F6C8DC /* SkillSetHorizontalScrollView.swift in Sources */,
				0E6DB2C92A0A29D700F6C8DC /* EditCardInfoView.swift in Sources */,
			);
			runOnlyForDeploymentPostprocessing = 0;
		};
/* End PBXSourcesBuildPhase section */

/* Begin XCBuildConfiguration section */
		0E113BF12A0A0FA500AB2EC8 /* Debug */ = {
			isa = XCBuildConfiguration;
			buildSettings = {
				ALWAYS_SEARCH_USER_PATHS = NO;
				CLANG_ANALYZER_NONNULL = YES;
				CLANG_ANALYZER_NUMBER_OBJECT_CONVERSION = YES_AGGRESSIVE;
				CLANG_CXX_LANGUAGE_STANDARD = "gnu++20";
				CLANG_ENABLE_MODULES = YES;
				CLANG_ENABLE_OBJC_ARC = YES;
				CLANG_ENABLE_OBJC_WEAK = YES;
				CLANG_WARN_BLOCK_CAPTURE_AUTORELEASING = YES;
				CLANG_WARN_BOOL_CONVERSION = YES;
				CLANG_WARN_COMMA = YES;
				CLANG_WARN_CONSTANT_CONVERSION = YES;
				CLANG_WARN_DEPRECATED_OBJC_IMPLEMENTATIONS = YES;
				CLANG_WARN_DIRECT_OBJC_ISA_USAGE = YES_ERROR;
				CLANG_WARN_DOCUMENTATION_COMMENTS = YES;
				CLANG_WARN_EMPTY_BODY = YES;
				CLANG_WARN_ENUM_CONVERSION = YES;
				CLANG_WARN_INFINITE_RECURSION = YES;
				CLANG_WARN_INT_CONVERSION = YES;
				CLANG_WARN_NON_LITERAL_NULL_CONVERSION = YES;
				CLANG_WARN_OBJC_IMPLICIT_RETAIN_SELF = YES;
				CLANG_WARN_OBJC_LITERAL_CONVERSION = YES;
				CLANG_WARN_OBJC_ROOT_CLASS = YES_ERROR;
				CLANG_WARN_QUOTED_INCLUDE_IN_FRAMEWORK_HEADER = YES;
				CLANG_WARN_RANGE_LOOP_ANALYSIS = YES;
				CLANG_WARN_STRICT_PROTOTYPES = YES;
				CLANG_WARN_SUSPICIOUS_MOVE = YES;
				CLANG_WARN_UNGUARDED_AVAILABILITY = YES_AGGRESSIVE;
				CLANG_WARN_UNREACHABLE_CODE = YES;
				CLANG_WARN__DUPLICATE_METHOD_MATCH = YES;
				COPY_PHASE_STRIP = NO;
				DEBUG_INFORMATION_FORMAT = dwarf;
				ENABLE_STRICT_OBJC_MSGSEND = YES;
				ENABLE_TESTABILITY = YES;
				GCC_C_LANGUAGE_STANDARD = gnu11;
				GCC_DYNAMIC_NO_PIC = NO;
				GCC_NO_COMMON_BLOCKS = YES;
				GCC_OPTIMIZATION_LEVEL = 0;
				GCC_PREPROCESSOR_DEFINITIONS = (
					"DEBUG=1",
					"$(inherited)",
				);
				GCC_WARN_64_TO_32_BIT_CONVERSION = YES;
				GCC_WARN_ABOUT_RETURN_TYPE = YES_ERROR;
				GCC_WARN_UNDECLARED_SELECTOR = YES;
				GCC_WARN_UNINITIALIZED_AUTOS = YES_AGGRESSIVE;
				GCC_WARN_UNUSED_FUNCTION = YES;
				GCC_WARN_UNUSED_VARIABLE = YES;
				IPHONEOS_DEPLOYMENT_TARGET = 16.4;
				MTL_ENABLE_DEBUG_INFO = INCLUDE_SOURCE;
				MTL_FAST_MATH = YES;
				ONLY_ACTIVE_ARCH = YES;
				SDKROOT = iphoneos;
				SWIFT_ACTIVE_COMPILATION_CONDITIONS = DEBUG;
				SWIFT_OPTIMIZATION_LEVEL = "-Onone";
			};
			name = Debug;
		};
		0E113BF22A0A0FA500AB2EC8 /* Release */ = {
			isa = XCBuildConfiguration;
			buildSettings = {
				ALWAYS_SEARCH_USER_PATHS = NO;
				CLANG_ANALYZER_NONNULL = YES;
				CLANG_ANALYZER_NUMBER_OBJECT_CONVERSION = YES_AGGRESSIVE;
				CLANG_CXX_LANGUAGE_STANDARD = "gnu++20";
				CLANG_ENABLE_MODULES = YES;
				CLANG_ENABLE_OBJC_ARC = YES;
				CLANG_ENABLE_OBJC_WEAK = YES;
				CLANG_WARN_BLOCK_CAPTURE_AUTORELEASING = YES;
				CLANG_WARN_BOOL_CONVERSION = YES;
				CLANG_WARN_COMMA = YES;
				CLANG_WARN_CONSTANT_CONVERSION = YES;
				CLANG_WARN_DEPRECATED_OBJC_IMPLEMENTATIONS = YES;
				CLANG_WARN_DIRECT_OBJC_ISA_USAGE = YES_ERROR;
				CLANG_WARN_DOCUMENTATION_COMMENTS = YES;
				CLANG_WARN_EMPTY_BODY = YES;
				CLANG_WARN_ENUM_CONVERSION = YES;
				CLANG_WARN_INFINITE_RECURSION = YES;
				CLANG_WARN_INT_CONVERSION = YES;
				CLANG_WARN_NON_LITERAL_NULL_CONVERSION = YES;
				CLANG_WARN_OBJC_IMPLICIT_RETAIN_SELF = YES;
				CLANG_WARN_OBJC_LITERAL_CONVERSION = YES;
				CLANG_WARN_OBJC_ROOT_CLASS = YES_ERROR;
				CLANG_WARN_QUOTED_INCLUDE_IN_FRAMEWORK_HEADER = YES;
				CLANG_WARN_RANGE_LOOP_ANALYSIS = YES;
				CLANG_WARN_STRICT_PROTOTYPES = YES;
				CLANG_WARN_SUSPICIOUS_MOVE = YES;
				CLANG_WARN_UNGUARDED_AVAILABILITY = YES_AGGRESSIVE;
				CLANG_WARN_UNREACHABLE_CODE = YES;
				CLANG_WARN__DUPLICATE_METHOD_MATCH = YES;
				COPY_PHASE_STRIP = NO;
				DEBUG_INFORMATION_FORMAT = "dwarf-with-dsym";
				ENABLE_NS_ASSERTIONS = NO;
				ENABLE_STRICT_OBJC_MSGSEND = YES;
				GCC_C_LANGUAGE_STANDARD = gnu11;
				GCC_NO_COMMON_BLOCKS = YES;
				GCC_WARN_64_TO_32_BIT_CONVERSION = YES;
				GCC_WARN_ABOUT_RETURN_TYPE = YES_ERROR;
				GCC_WARN_UNDECLARED_SELECTOR = YES;
				GCC_WARN_UNINITIALIZED_AUTOS = YES_AGGRESSIVE;
				GCC_WARN_UNUSED_FUNCTION = YES;
				GCC_WARN_UNUSED_VARIABLE = YES;
				IPHONEOS_DEPLOYMENT_TARGET = 16.4;
				MTL_ENABLE_DEBUG_INFO = NO;
				MTL_FAST_MATH = YES;
				SDKROOT = iphoneos;
				SWIFT_COMPILATION_MODE = wholemodule;
				SWIFT_OPTIMIZATION_LEVEL = "-O";
				VALIDATE_PRODUCT = YES;
			};
			name = Release;
		};
		0E113BF42A0A0FA500AB2EC8 /* Debug */ = {
			isa = XCBuildConfiguration;
			buildSettings = {
				ASSETCATALOG_COMPILER_APPICON_NAME = AppIcon;
				ASSETCATALOG_COMPILER_GLOBAL_ACCENT_COLOR_NAME = AccentColor;
				CODE_SIGN_ENTITLEMENTS = PocketLearner/PocketLearner.entitlements;
				CODE_SIGN_STYLE = Automatic;
				CURRENT_PROJECT_VERSION = 1;
				DEVELOPMENT_ASSET_PATHS = "\"PocketLearner/Preview Content\"";
				DEVELOPMENT_TEAM = PAQ92DM7XD;
				ENABLE_PREVIEWS = YES;
				GENERATE_INFOPLIST_FILE = YES;
				INFOPLIST_KEY_UIApplicationSceneManifest_Generation = YES;
				INFOPLIST_KEY_UIApplicationSupportsIndirectInputEvents = YES;
				INFOPLIST_KEY_UILaunchScreen_Generation = YES;
				INFOPLIST_KEY_UISupportedInterfaceOrientations_iPad = "UIInterfaceOrientationPortrait UIInterfaceOrientationPortraitUpsideDown UIInterfaceOrientationLandscapeLeft UIInterfaceOrientationLandscapeRight";
				INFOPLIST_KEY_UISupportedInterfaceOrientations_iPhone = "UIInterfaceOrientationPortrait UIInterfaceOrientationLandscapeLeft UIInterfaceOrientationLandscapeRight";
				LD_RUNPATH_SEARCH_PATHS = (
					"$(inherited)",
					"@executable_path/Frameworks",
				);
				MARKETING_VERSION = 1.0;
				PRODUCT_BUNDLE_IDENTIFIER = Atarashii.PocketLearner;
				PRODUCT_NAME = "$(TARGET_NAME)";
				SWIFT_EMIT_LOC_STRINGS = YES;
				SWIFT_VERSION = 5.0;
				TARGETED_DEVICE_FAMILY = "1,2";
			};
			name = Debug;
		};
		0E113BF52A0A0FA500AB2EC8 /* Release */ = {
			isa = XCBuildConfiguration;
			buildSettings = {
				ASSETCATALOG_COMPILER_APPICON_NAME = AppIcon;
				ASSETCATALOG_COMPILER_GLOBAL_ACCENT_COLOR_NAME = AccentColor;
				CODE_SIGN_ENTITLEMENTS = PocketLearner/PocketLearner.entitlements;
				CODE_SIGN_STYLE = Automatic;
				CURRENT_PROJECT_VERSION = 1;
				DEVELOPMENT_ASSET_PATHS = "\"PocketLearner/Preview Content\"";
				DEVELOPMENT_TEAM = PAQ92DM7XD;
				ENABLE_PREVIEWS = YES;
				GENERATE_INFOPLIST_FILE = YES;
				INFOPLIST_KEY_UIApplicationSceneManifest_Generation = YES;
				INFOPLIST_KEY_UIApplicationSupportsIndirectInputEvents = YES;
				INFOPLIST_KEY_UILaunchScreen_Generation = YES;
				INFOPLIST_KEY_UISupportedInterfaceOrientations_iPad = "UIInterfaceOrientationPortrait UIInterfaceOrientationPortraitUpsideDown UIInterfaceOrientationLandscapeLeft UIInterfaceOrientationLandscapeRight";
				INFOPLIST_KEY_UISupportedInterfaceOrientations_iPhone = "UIInterfaceOrientationPortrait UIInterfaceOrientationLandscapeLeft UIInterfaceOrientationLandscapeRight";
				LD_RUNPATH_SEARCH_PATHS = (
					"$(inherited)",
					"@executable_path/Frameworks",
				);
				MARKETING_VERSION = 1.0;
				PRODUCT_BUNDLE_IDENTIFIER = Atarashii.PocketLearner;
				PRODUCT_NAME = "$(TARGET_NAME)";
				SWIFT_EMIT_LOC_STRINGS = YES;
				SWIFT_VERSION = 5.0;
				TARGETED_DEVICE_FAMILY = "1,2";
			};
			name = Release;
		};
/* End XCBuildConfiguration section */

/* Begin XCConfigurationList section */
		0E113BE02A0A0FA400AB2EC8 /* Build configuration list for PBXProject "PocketLearner" */ = {
			isa = XCConfigurationList;
			buildConfigurations = (
				0E113BF12A0A0FA500AB2EC8 /* Debug */,
				0E113BF22A0A0FA500AB2EC8 /* Release */,
			);
			defaultConfigurationIsVisible = 0;
			defaultConfigurationName = Release;
		};
		0E113BF32A0A0FA500AB2EC8 /* Build configuration list for PBXNativeTarget "PocketLearner" */ = {
			isa = XCConfigurationList;
			buildConfigurations = (
				0E113BF42A0A0FA500AB2EC8 /* Debug */,
				0E113BF52A0A0FA500AB2EC8 /* Release */,
			);
			defaultConfigurationIsVisible = 0;
			defaultConfigurationName = Release;
		};
/* End XCConfigurationList section */

/* Begin XCRemoteSwiftPackageReference section */
		0ED6DEBF2A0A139E009F21BC /* XCRemoteSwiftPackageReference "firebase-ios-sdk" */ = {
			isa = XCRemoteSwiftPackageReference;
			repositoryURL = "https://github.com/firebase/firebase-ios-sdk";
			requirement = {
				kind = upToNextMajorVersion;
				minimumVersion = 10.0.0;
			};
		};
/* End XCRemoteSwiftPackageReference section */

/* Begin XCSwiftPackageProductDependency section */
		0ED6DEC02A0A139E009F21BC /* FirebaseAuth */ = {
			isa = XCSwiftPackageProductDependency;
			package = 0ED6DEBF2A0A139E009F21BC /* XCRemoteSwiftPackageReference "firebase-ios-sdk" */;
			productName = FirebaseAuth;
		};
		0ED6DEC22A0A139E009F21BC /* FirebaseAuthCombine-Community */ = {
			isa = XCSwiftPackageProductDependency;
			package = 0ED6DEBF2A0A139E009F21BC /* XCRemoteSwiftPackageReference "firebase-ios-sdk" */;
			productName = "FirebaseAuthCombine-Community";
		};
		0ED6DEC42A0A139E009F21BC /* FirebaseDatabase */ = {
			isa = XCSwiftPackageProductDependency;
			package = 0ED6DEBF2A0A139E009F21BC /* XCRemoteSwiftPackageReference "firebase-ios-sdk" */;
			productName = FirebaseDatabase;
		};
		0ED6DEC62A0A139E009F21BC /* FirebaseFirestore */ = {
			isa = XCSwiftPackageProductDependency;
			package = 0ED6DEBF2A0A139E009F21BC /* XCRemoteSwiftPackageReference "firebase-ios-sdk" */;
			productName = FirebaseFirestore;
		};
		0ED6DEC82A0A139E009F21BC /* FirebaseInAppMessaging-Beta */ = {
			isa = XCSwiftPackageProductDependency;
			package = 0ED6DEBF2A0A139E009F21BC /* XCRemoteSwiftPackageReference "firebase-ios-sdk" */;
			productName = "FirebaseInAppMessaging-Beta";
		};
		0ED6DECA2A0A139E009F21BC /* FirebaseInAppMessagingSwift-Beta */ = {
			isa = XCSwiftPackageProductDependency;
			package = 0ED6DEBF2A0A139E009F21BC /* XCRemoteSwiftPackageReference "firebase-ios-sdk" */;
			productName = "FirebaseInAppMessagingSwift-Beta";
		};
		0ED6DECC2A0A139E009F21BC /* FirebaseMessaging */ = {
			isa = XCSwiftPackageProductDependency;
			package = 0ED6DEBF2A0A139E009F21BC /* XCRemoteSwiftPackageReference "firebase-ios-sdk" */;
			productName = FirebaseMessaging;
		};
		0ED6DECE2A0A139E009F21BC /* FirebaseStorage */ = {
			isa = XCSwiftPackageProductDependency;
			package = 0ED6DEBF2A0A139E009F21BC /* XCRemoteSwiftPackageReference "firebase-ios-sdk" */;
			productName = FirebaseStorage;
		};
/* End XCSwiftPackageProductDependency section */
	};
	rootObject = 0E113BDD2A0A0FA400AB2EC8 /* Project object */;
}
