// !$*UTF8*$!
{
	archiveVersion = 1;
	classes = {
	};
	objectVersion = 56;
	objects = {

/* Begin PBXBuildFile section */
		0E113BE92A0A0FA400AB2EC8 /* PocketLearnerApp.swift in Sources */ = {isa = PBXBuildFile; fileRef = 0E113BE82A0A0FA400AB2EC8 /* PocketLearnerApp.swift */; };
		0E113BED2A0A0FA500AB2EC8 /* Assets.xcassets in Resources */ = {isa = PBXBuildFile; fileRef = 0E113BEC2A0A0FA500AB2EC8 /* Assets.xcassets */; };
		0E113BF02A0A0FA500AB2EC8 /* Preview Assets.xcassets in Resources */ = {isa = PBXBuildFile; fileRef = 0E113BEF2A0A0FA500AB2EC8 /* Preview Assets.xcassets */; };
		0ED6DE9A2A0A1069009F21BC /* ContentView.swift in Sources */ = {isa = PBXBuildFile; fileRef = 0ED6DE992A0A1069009F21BC /* ContentView.swift */; };
		0ED6DEA52A0A114E009F21BC /* CardDetailView.swift in Sources */ = {isa = PBXBuildFile; fileRef = 0ED6DEA32A0A114E009F21BC /* CardDetailView.swift */; };
		0ED6DEA62A0A114E009F21BC /* SkillSetHorizontalScrollView.swift in Sources */ = {isa = PBXBuildFile; fileRef = 0ED6DEA42A0A114E009F21BC /* SkillSetHorizontalScrollView.swift */; };
		0ED6DEA92A0A115B009F21BC /* EditCardDesignView.swift in Sources */ = {isa = PBXBuildFile; fileRef = 0ED6DEA72A0A115B009F21BC /* EditCardDesignView.swift */; };
		0ED6DEAA2A0A115B009F21BC /* EditCardInfoView.swift in Sources */ = {isa = PBXBuildFile; fileRef = 0ED6DEA82A0A115B009F21BC /* EditCardInfoView.swift */; };
		0ED6DEAC2A0A1165009F21BC /* InitailCardMainView.swift in Sources */ = {isa = PBXBuildFile; fileRef = 0ED6DEAB2A0A1165009F21BC /* InitailCardMainView.swift */; };
		0ED6DEB22A0A116D009F21BC /* CardCollectionView.swift in Sources */ = {isa = PBXBuildFile; fileRef = 0ED6DEAD2A0A116D009F21BC /* CardCollectionView.swift */; };
		0ED6DEB32A0A116D009F21BC /* CardTemplate.swift in Sources */ = {isa = PBXBuildFile; fileRef = 0ED6DEAE2A0A116D009F21BC /* CardTemplate.swift */; };
		0ED6DEB42A0A116D009F21BC /* MainNameCardTabView.swift in Sources */ = {isa = PBXBuildFile; fileRef = 0ED6DEAF2A0A116D009F21BC /* MainNameCardTabView.swift */; };
		0ED6DEB52A0A116D009F21BC /* MyCardView.swift in Sources */ = {isa = PBXBuildFile; fileRef = 0ED6DEB02A0A116D009F21BC /* MyCardView.swift */; };
		0ED6DEB62A0A116D009F21BC /* MainTabView.swift in Sources */ = {isa = PBXBuildFile; fileRef = 0ED6DEB12A0A116D009F21BC /* MainTabView.swift */; };
		0ED6DEBB2A0A117F009F21BC /* CreateNickNameView.swift in Sources */ = {isa = PBXBuildFile; fileRef = 0ED6DEB72A0A117F009F21BC /* CreateNickNameView.swift */; };
		0ED6DEBC2A0A117F009F21BC /* CreateTimeView.swift in Sources */ = {isa = PBXBuildFile; fileRef = 0ED6DEB82A0A117F009F21BC /* CreateTimeView.swift */; };
		0ED6DEBD2A0A117F009F21BC /* AppleLoginView.swift in Sources */ = {isa = PBXBuildFile; fileRef = 0ED6DEB92A0A117F009F21BC /* AppleLoginView.swift */; };
		0ED6DEBE2A0A117F009F21BC /* IntroView.swift in Sources */ = {isa = PBXBuildFile; fileRef = 0ED6DEBA2A0A117F009F21BC /* IntroView.swift */; };
/* End PBXBuildFile section */

/* Begin PBXFileReference section */
		0E113BE52A0A0FA400AB2EC8 /* PocketLearner.app */ = {isa = PBXFileReference; explicitFileType = wrapper.application; includeInIndex = 0; path = PocketLearner.app; sourceTree = BUILT_PRODUCTS_DIR; };
		0E113BE82A0A0FA400AB2EC8 /* PocketLearnerApp.swift */ = {isa = PBXFileReference; lastKnownFileType = sourcecode.swift; path = PocketLearnerApp.swift; sourceTree = "<group>"; };
		0E113BEC2A0A0FA500AB2EC8 /* Assets.xcassets */ = {isa = PBXFileReference; lastKnownFileType = folder.assetcatalog; path = Assets.xcassets; sourceTree = "<group>"; };
		0E113BEF2A0A0FA500AB2EC8 /* Preview Assets.xcassets */ = {isa = PBXFileReference; lastKnownFileType = folder.assetcatalog; path = "Preview Assets.xcassets"; sourceTree = "<group>"; };
		0ED6DE992A0A1069009F21BC /* ContentView.swift */ = {isa = PBXFileReference; fileEncoding = 4; lastKnownFileType = sourcecode.swift; name = ContentView.swift; path = ../../bletest/bletest/ContentView.swift; sourceTree = "<group>"; };
		0ED6DEA32A0A114E009F21BC /* CardDetailView.swift */ = {isa = PBXFileReference; fileEncoding = 4; lastKnownFileType = sourcecode.swift; name = CardDetailView.swift; path = ../../../../bletest/bletest/Views/CardDetail/CardDetailView.swift; sourceTree = "<group>"; };
		0ED6DEA42A0A114E009F21BC /* SkillSetHorizontalScrollView.swift */ = {isa = PBXFileReference; fileEncoding = 4; lastKnownFileType = sourcecode.swift; name = SkillSetHorizontalScrollView.swift; path = ../../../../bletest/bletest/Views/CardDetail/SkillSetHorizontalScrollView.swift; sourceTree = "<group>"; };
		0ED6DEA72A0A115B009F21BC /* EditCardDesignView.swift */ = {isa = PBXFileReference; fileEncoding = 4; lastKnownFileType = sourcecode.swift; name = EditCardDesignView.swift; path = ../../../../bletest/bletest/Views/CardDetailEdit/EditCardDesignView.swift; sourceTree = "<group>"; };
		0ED6DEA82A0A115B009F21BC /* EditCardInfoView.swift */ = {isa = PBXFileReference; fileEncoding = 4; lastKnownFileType = sourcecode.swift; name = EditCardInfoView.swift; path = ../../../../bletest/bletest/Views/CardDetailEdit/EditCardInfoView.swift; sourceTree = "<group>"; };
		0ED6DEAB2A0A1165009F21BC /* InitailCardMainView.swift */ = {isa = PBXFileReference; fileEncoding = 4; lastKnownFileType = sourcecode.swift; name = InitailCardMainView.swift; path = ../../../../bletest/bletest/Views/CardGenerate/InitailCardMainView.swift; sourceTree = "<group>"; };
		0ED6DEAD2A0A116D009F21BC /* CardCollectionView.swift */ = {isa = PBXFileReference; fileEncoding = 4; lastKnownFileType = sourcecode.swift; name = CardCollectionView.swift; path = ../../../../bletest/bletest/Views/CardList/CardCollectionView.swift; sourceTree = "<group>"; };
		0ED6DEAE2A0A116D009F21BC /* CardTemplate.swift */ = {isa = PBXFileReference; fileEncoding = 4; lastKnownFileType = sourcecode.swift; name = CardTemplate.swift; path = ../../../../bletest/bletest/Views/CardList/CardTemplate.swift; sourceTree = "<group>"; };
		0ED6DEAF2A0A116D009F21BC /* MainNameCardTabView.swift */ = {isa = PBXFileReference; fileEncoding = 4; lastKnownFileType = sourcecode.swift; name = MainNameCardTabView.swift; path = ../../../../bletest/bletest/Views/CardList/MainNameCardTabView.swift; sourceTree = "<group>"; };
		0ED6DEB02A0A116D009F21BC /* MyCardView.swift */ = {isa = PBXFileReference; fileEncoding = 4; lastKnownFileType = sourcecode.swift; name = MyCardView.swift; path = ../../../../bletest/bletest/Views/CardList/MyCardView.swift; sourceTree = "<group>"; };
		0ED6DEB12A0A116D009F21BC /* MainTabView.swift */ = {isa = PBXFileReference; fileEncoding = 4; lastKnownFileType = sourcecode.swift; name = MainTabView.swift; path = ../../../../bletest/bletest/Views/CardList/MainTabView.swift; sourceTree = "<group>"; };
		0ED6DEB72A0A117F009F21BC /* CreateNickNameView.swift */ = {isa = PBXFileReference; fileEncoding = 4; lastKnownFileType = sourcecode.swift; name = CreateNickNameView.swift; path = ../../../../bletest/bletest/Views/Intro/CreateNickNameView.swift; sourceTree = "<group>"; };
		0ED6DEB82A0A117F009F21BC /* CreateTimeView.swift */ = {isa = PBXFileReference; fileEncoding = 4; lastKnownFileType = sourcecode.swift; name = CreateTimeView.swift; path = ../../../../bletest/bletest/Views/Intro/CreateTimeView.swift; sourceTree = "<group>"; };
		0ED6DEB92A0A117F009F21BC /* AppleLoginView.swift */ = {isa = PBXFileReference; fileEncoding = 4; lastKnownFileType = sourcecode.swift; name = AppleLoginView.swift; path = ../../../../bletest/bletest/Views/Intro/AppleLoginView.swift; sourceTree = "<group>"; };
		0ED6DEBA2A0A117F009F21BC /* IntroView.swift */ = {isa = PBXFileReference; fileEncoding = 4; lastKnownFileType = sourcecode.swift; name = IntroView.swift; path = ../../../../bletest/bletest/Views/Intro/IntroView.swift; sourceTree = "<group>"; };
/* End PBXFileReference section */

/* Begin PBXFrameworksBuildPhase section */
		0E113BE22A0A0FA400AB2EC8 /* Frameworks */ = {
			isa = PBXFrameworksBuildPhase;
			buildActionMask = 2147483647;
			files = (
			);
			runOnlyForDeploymentPostprocessing = 0;
		};
/* End PBXFrameworksBuildPhase section */

/* Begin PBXGroup section */
		0E113BDC2A0A0FA400AB2EC8 = {
			isa = PBXGroup;
			children = (
				0E113BE72A0A0FA400AB2EC8 /* PocketLearner */,
				0E113BE62A0A0FA400AB2EC8 /* Products */,
			);
			sourceTree = "<group>";
		};
		0E113BE62A0A0FA400AB2EC8 /* Products */ = {
			isa = PBXGroup;
			children = (
				0E113BE52A0A0FA400AB2EC8 /* PocketLearner.app */,
			);
			name = Products;
			sourceTree = "<group>";
		};
		0E113BE72A0A0FA400AB2EC8 /* PocketLearner */ = {
			isa = PBXGroup;
			children = (
				0ED6DE982A0A1050009F21BC /* Constants */,
				0ED6DE972A0A1048009F21BC /* Views */,
				0ED6DE962A0A103D009F21BC /* Components */,
				0E113BE82A0A0FA400AB2EC8 /* PocketLearnerApp.swift */,
				0ED6DE992A0A1069009F21BC /* ContentView.swift */,
				0E113BEC2A0A0FA500AB2EC8 /* Assets.xcassets */,
				0E113BEE2A0A0FA500AB2EC8 /* Preview Content */,
			);
			path = PocketLearner;
			sourceTree = "<group>";
		};
		0E113BEE2A0A0FA500AB2EC8 /* Preview Content */ = {
			isa = PBXGroup;
			children = (
				0E113BEF2A0A0FA500AB2EC8 /* Preview Assets.xcassets */,
			);
			path = "Preview Content";
			sourceTree = "<group>";
		};
		0ED6DE962A0A103D009F21BC /* Components */ = {
			isa = PBXGroup;
			children = (
			);
			path = Components;
			sourceTree = "<group>";
		};
		0ED6DE972A0A1048009F21BC /* Views */ = {
			isa = PBXGroup;
			children = (
				0ED6DEA22A0A1136009F21BC /* Intro */,
				0ED6DEA02A0A1121009F21BC /* Comment */,
				0ED6DE9F2A0A111B009F21BC /* CardList */,
				0ED6DE9E2A0A1113009F21BC /* CardGenerate */,
				0ED6DE9D2A0A110C009F21BC /* CardExchange */,
				0ED6DE9C2A0A1103009F21BC /* CardDetailEdit */,
				0ED6DE9B2A0A10FA009F21BC /* CardDetail */,
			);
			path = Views;
			sourceTree = "<group>";
		};
		0ED6DE982A0A1050009F21BC /* Constants */ = {
			isa = PBXGroup;
			children = (
			);
			path = Constants;
			sourceTree = "<group>";
		};
		0ED6DE9B2A0A10FA009F21BC /* CardDetail */ = {
			isa = PBXGroup;
			children = (
				0ED6DEA32A0A114E009F21BC /* CardDetailView.swift */,
				0ED6DEA42A0A114E009F21BC /* SkillSetHorizontalScrollView.swift */,
			);
			path = CardDetail;
			sourceTree = "<group>";
		};
		0ED6DE9C2A0A1103009F21BC /* CardDetailEdit */ = {
			isa = PBXGroup;
			children = (
				0ED6DEA72A0A115B009F21BC /* EditCardDesignView.swift */,
				0ED6DEA82A0A115B009F21BC /* EditCardInfoView.swift */,
			);
			path = CardDetailEdit;
			sourceTree = "<group>";
		};
		0ED6DE9D2A0A110C009F21BC /* CardExchange */ = {
			isa = PBXGroup;
			children = (
			);
			path = CardExchange;
			sourceTree = "<group>";
		};
		0ED6DE9E2A0A1113009F21BC /* CardGenerate */ = {
			isa = PBXGroup;
			children = (
				0ED6DEAB2A0A1165009F21BC /* InitailCardMainView.swift */,
			);
			path = CardGenerate;
			sourceTree = "<group>";
		};
		0ED6DE9F2A0A111B009F21BC /* CardList */ = {
			isa = PBXGroup;
			children = (
				0ED6DEAD2A0A116D009F21BC /* CardCollectionView.swift */,
				0ED6DEAE2A0A116D009F21BC /* CardTemplate.swift */,
				0ED6DEAF2A0A116D009F21BC /* MainNameCardTabView.swift */,
				0ED6DEB12A0A116D009F21BC /* MainTabView.swift */,
				0ED6DEB02A0A116D009F21BC /* MyCardView.swift */,
			);
			path = CardList;
			sourceTree = "<group>";
		};
		0ED6DEA02A0A1121009F21BC /* Comment */ = {
			isa = PBXGroup;
			children = (
			);
			path = Comment;
			sourceTree = "<group>";
		};
		0ED6DEA22A0A1136009F21BC /* Intro */ = {
			isa = PBXGroup;
			children = (
				0ED6DEB92A0A117F009F21BC /* AppleLoginView.swift */,
				0ED6DEB72A0A117F009F21BC /* CreateNickNameView.swift */,
				0ED6DEB82A0A117F009F21BC /* CreateTimeView.swift */,
				0ED6DEBA2A0A117F009F21BC /* IntroView.swift */,
			);
			path = Intro;
			sourceTree = "<group>";
		};
/* End PBXGroup section */

/* Begin PBXNativeTarget section */
		0E113BE42A0A0FA400AB2EC8 /* PocketLearner */ = {
			isa = PBXNativeTarget;
			buildConfigurationList = 0E113BF32A0A0FA500AB2EC8 /* Build configuration list for PBXNativeTarget "PocketLearner" */;
			buildPhases = (
				0E113BE12A0A0FA400AB2EC8 /* Sources */,
				0E113BE22A0A0FA400AB2EC8 /* Frameworks */,
				0E113BE32A0A0FA400AB2EC8 /* Resources */,
			);
			buildRules = (
			);
			dependencies = (
			);
			name = PocketLearner;
			productName = PocketLearner;
			productReference = 0E113BE52A0A0FA400AB2EC8 /* PocketLearner.app */;
			productType = "com.apple.product-type.application";
		};
/* End PBXNativeTarget section */

/* Begin PBXProject section */
		0E113BDD2A0A0FA400AB2EC8 /* Project object */ = {
			isa = PBXProject;
			attributes = {
				BuildIndependentTargetsInParallel = 1;
				LastSwiftUpdateCheck = 1430;
				LastUpgradeCheck = 1430;
				TargetAttributes = {
					0E113BE42A0A0FA400AB2EC8 = {
						CreatedOnToolsVersion = 14.3;
					};
				};
			};
			buildConfigurationList = 0E113BE02A0A0FA400AB2EC8 /* Build configuration list for PBXProject "PocketLearner" */;
			compatibilityVersion = "Xcode 14.0";
			developmentRegion = en;
			hasScannedForEncodings = 0;
			knownRegions = (
				en,
				Base,
			);
			mainGroup = 0E113BDC2A0A0FA400AB2EC8;
			productRefGroup = 0E113BE62A0A0FA400AB2EC8 /* Products */;
			projectDirPath = "";
			projectRoot = "";
			targets = (
				0E113BE42A0A0FA400AB2EC8 /* PocketLearner */,
			);
		};
/* End PBXProject section */

/* Begin PBXResourcesBuildPhase section */
		0E113BE32A0A0FA400AB2EC8 /* Resources */ = {
			isa = PBXResourcesBuildPhase;
			buildActionMask = 2147483647;
			files = (
				0E113BF02A0A0FA500AB2EC8 /* Preview Assets.xcassets in Resources */,
				0E113BED2A0A0FA500AB2EC8 /* Assets.xcassets in Resources */,
			);
			runOnlyForDeploymentPostprocessing = 0;
		};
/* End PBXResourcesBuildPhase section */

/* Begin PBXSourcesBuildPhase section */
		0E113BE12A0A0FA400AB2EC8 /* Sources */ = {
			isa = PBXSourcesBuildPhase;
			buildActionMask = 2147483647;
			files = (
				0ED6DEB42A0A116D009F21BC /* MainNameCardTabView.swift in Sources */,
				0ED6DEBE2A0A117F009F21BC /* IntroView.swift in Sources */,
				0ED6DEBD2A0A117F009F21BC /* AppleLoginView.swift in Sources */,
				0ED6DEBB2A0A117F009F21BC /* CreateNickNameView.swift in Sources */,
				0ED6DEB32A0A116D009F21BC /* CardTemplate.swift in Sources */,
				0ED6DEA62A0A114E009F21BC /* SkillSetHorizontalScrollView.swift in Sources */,
				0ED6DEB52A0A116D009F21BC /* MyCardView.swift in Sources */,
				0ED6DEBC2A0A117F009F21BC /* CreateTimeView.swift in Sources */,
				0ED6DEA92A0A115B009F21BC /* EditCardDesignView.swift in Sources */,
				0ED6DEA52A0A114E009F21BC /* CardDetailView.swift in Sources */,
				0ED6DE9A2A0A1069009F21BC /* ContentView.swift in Sources */,
				0ED6DEB22A0A116D009F21BC /* CardCollectionView.swift in Sources */,
				0ED6DEAA2A0A115B009F21BC /* EditCardInfoView.swift in Sources */,
				0E113BE92A0A0FA400AB2EC8 /* PocketLearnerApp.swift in Sources */,
				0ED6DEAC2A0A1165009F21BC /* InitailCardMainView.swift in Sources */,
				0ED6DEB62A0A116D009F21BC /* MainTabView.swift in Sources */,
			);
			runOnlyForDeploymentPostprocessing = 0;
		};
/* End PBXSourcesBuildPhase section */

/* Begin XCBuildConfiguration section */
		0E113BF12A0A0FA500AB2EC8 /* Debug */ = {
			isa = XCBuildConfiguration;
			buildSettings = {
				ALWAYS_SEARCH_USER_PATHS = NO;
				CLANG_ANALYZER_NONNULL = YES;
				CLANG_ANALYZER_NUMBER_OBJECT_CONVERSION = YES_AGGRESSIVE;
				CLANG_CXX_LANGUAGE_STANDARD = "gnu++20";
				CLANG_ENABLE_MODULES = YES;
				CLANG_ENABLE_OBJC_ARC = YES;
				CLANG_ENABLE_OBJC_WEAK = YES;
				CLANG_WARN_BLOCK_CAPTURE_AUTORELEASING = YES;
				CLANG_WARN_BOOL_CONVERSION = YES;
				CLANG_WARN_COMMA = YES;
				CLANG_WARN_CONSTANT_CONVERSION = YES;
				CLANG_WARN_DEPRECATED_OBJC_IMPLEMENTATIONS = YES;
				CLANG_WARN_DIRECT_OBJC_ISA_USAGE = YES_ERROR;
				CLANG_WARN_DOCUMENTATION_COMMENTS = YES;
				CLANG_WARN_EMPTY_BODY = YES;
				CLANG_WARN_ENUM_CONVERSION = YES;
				CLANG_WARN_INFINITE_RECURSION = YES;
				CLANG_WARN_INT_CONVERSION = YES;
				CLANG_WARN_NON_LITERAL_NULL_CONVERSION = YES;
				CLANG_WARN_OBJC_IMPLICIT_RETAIN_SELF = YES;
				CLANG_WARN_OBJC_LITERAL_CONVERSION = YES;
				CLANG_WARN_OBJC_ROOT_CLASS = YES_ERROR;
				CLANG_WARN_QUOTED_INCLUDE_IN_FRAMEWORK_HEADER = YES;
				CLANG_WARN_RANGE_LOOP_ANALYSIS = YES;
				CLANG_WARN_STRICT_PROTOTYPES = YES;
				CLANG_WARN_SUSPICIOUS_MOVE = YES;
				CLANG_WARN_UNGUARDED_AVAILABILITY = YES_AGGRESSIVE;
				CLANG_WARN_UNREACHABLE_CODE = YES;
				CLANG_WARN__DUPLICATE_METHOD_MATCH = YES;
				COPY_PHASE_STRIP = NO;
				DEBUG_INFORMATION_FORMAT = dwarf;
				ENABLE_STRICT_OBJC_MSGSEND = YES;
				ENABLE_TESTABILITY = YES;
				GCC_C_LANGUAGE_STANDARD = gnu11;
				GCC_DYNAMIC_NO_PIC = NO;
				GCC_NO_COMMON_BLOCKS = YES;
				GCC_OPTIMIZATION_LEVEL = 0;
				GCC_PREPROCESSOR_DEFINITIONS = (
					"DEBUG=1",
					"$(inherited)",
				);
				GCC_WARN_64_TO_32_BIT_CONVERSION = YES;
				GCC_WARN_ABOUT_RETURN_TYPE = YES_ERROR;
				GCC_WARN_UNDECLARED_SELECTOR = YES;
				GCC_WARN_UNINITIALIZED_AUTOS = YES_AGGRESSIVE;
				GCC_WARN_UNUSED_FUNCTION = YES;
				GCC_WARN_UNUSED_VARIABLE = YES;
				IPHONEOS_DEPLOYMENT_TARGET = 16.4;
				MTL_ENABLE_DEBUG_INFO = INCLUDE_SOURCE;
				MTL_FAST_MATH = YES;
				ONLY_ACTIVE_ARCH = YES;
				SDKROOT = iphoneos;
				SWIFT_ACTIVE_COMPILATION_CONDITIONS = DEBUG;
				SWIFT_OPTIMIZATION_LEVEL = "-Onone";
			};
			name = Debug;
		};
		0E113BF22A0A0FA500AB2EC8 /* Release */ = {
			isa = XCBuildConfiguration;
			buildSettings = {
				ALWAYS_SEARCH_USER_PATHS = NO;
				CLANG_ANALYZER_NONNULL = YES;
				CLANG_ANALYZER_NUMBER_OBJECT_CONVERSION = YES_AGGRESSIVE;
				CLANG_CXX_LANGUAGE_STANDARD = "gnu++20";
				CLANG_ENABLE_MODULES = YES;
				CLANG_ENABLE_OBJC_ARC = YES;
				CLANG_ENABLE_OBJC_WEAK = YES;
				CLANG_WARN_BLOCK_CAPTURE_AUTORELEASING = YES;
				CLANG_WARN_BOOL_CONVERSION = YES;
				CLANG_WARN_COMMA = YES;
				CLANG_WARN_CONSTANT_CONVERSION = YES;
				CLANG_WARN_DEPRECATED_OBJC_IMPLEMENTATIONS = YES;
				CLANG_WARN_DIRECT_OBJC_ISA_USAGE = YES_ERROR;
				CLANG_WARN_DOCUMENTATION_COMMENTS = YES;
				CLANG_WARN_EMPTY_BODY = YES;
				CLANG_WARN_ENUM_CONVERSION = YES;
				CLANG_WARN_INFINITE_RECURSION = YES;
				CLANG_WARN_INT_CONVERSION = YES;
				CLANG_WARN_NON_LITERAL_NULL_CONVERSION = YES;
				CLANG_WARN_OBJC_IMPLICIT_RETAIN_SELF = YES;
				CLANG_WARN_OBJC_LITERAL_CONVERSION = YES;
				CLANG_WARN_OBJC_ROOT_CLASS = YES_ERROR;
				CLANG_WARN_QUOTED_INCLUDE_IN_FRAMEWORK_HEADER = YES;
				CLANG_WARN_RANGE_LOOP_ANALYSIS = YES;
				CLANG_WARN_STRICT_PROTOTYPES = YES;
				CLANG_WARN_SUSPICIOUS_MOVE = YES;
				CLANG_WARN_UNGUARDED_AVAILABILITY = YES_AGGRESSIVE;
				CLANG_WARN_UNREACHABLE_CODE = YES;
				CLANG_WARN__DUPLICATE_METHOD_MATCH = YES;
				COPY_PHASE_STRIP = NO;
				DEBUG_INFORMATION_FORMAT = "dwarf-with-dsym";
				ENABLE_NS_ASSERTIONS = NO;
				ENABLE_STRICT_OBJC_MSGSEND = YES;
				GCC_C_LANGUAGE_STANDARD = gnu11;
				GCC_NO_COMMON_BLOCKS = YES;
				GCC_WARN_64_TO_32_BIT_CONVERSION = YES;
				GCC_WARN_ABOUT_RETURN_TYPE = YES_ERROR;
				GCC_WARN_UNDECLARED_SELECTOR = YES;
				GCC_WARN_UNINITIALIZED_AUTOS = YES_AGGRESSIVE;
				GCC_WARN_UNUSED_FUNCTION = YES;
				GCC_WARN_UNUSED_VARIABLE = YES;
				IPHONEOS_DEPLOYMENT_TARGET = 16.4;
				MTL_ENABLE_DEBUG_INFO = NO;
				MTL_FAST_MATH = YES;
				SDKROOT = iphoneos;
				SWIFT_COMPILATION_MODE = wholemodule;
				SWIFT_OPTIMIZATION_LEVEL = "-O";
				VALIDATE_PRODUCT = YES;
			};
			name = Release;
		};
		0E113BF42A0A0FA500AB2EC8 /* Debug */ = {
			isa = XCBuildConfiguration;
			buildSettings = {
				ASSETCATALOG_COMPILER_APPICON_NAME = AppIcon;
				ASSETCATALOG_COMPILER_GLOBAL_ACCENT_COLOR_NAME = AccentColor;
				CODE_SIGN_STYLE = Automatic;
				CURRENT_PROJECT_VERSION = 1;
				DEVELOPMENT_ASSET_PATHS = "\"PocketLearner/Preview Content\"";
				ENABLE_PREVIEWS = YES;
				GENERATE_INFOPLIST_FILE = YES;
				INFOPLIST_KEY_UIApplicationSceneManifest_Generation = YES;
				INFOPLIST_KEY_UIApplicationSupportsIndirectInputEvents = YES;
				INFOPLIST_KEY_UILaunchScreen_Generation = YES;
				INFOPLIST_KEY_UISupportedInterfaceOrientations_iPad = "UIInterfaceOrientationPortrait UIInterfaceOrientationPortraitUpsideDown UIInterfaceOrientationLandscapeLeft UIInterfaceOrientationLandscapeRight";
				INFOPLIST_KEY_UISupportedInterfaceOrientations_iPhone = "UIInterfaceOrientationPortrait UIInterfaceOrientationLandscapeLeft UIInterfaceOrientationLandscapeRight";
				LD_RUNPATH_SEARCH_PATHS = (
					"$(inherited)",
					"@executable_path/Frameworks",
				);
				MARKETING_VERSION = 1.0;
				PRODUCT_BUNDLE_IDENTIFIER = Atarashii.PocketLearner;
				PRODUCT_NAME = "$(TARGET_NAME)";
				SWIFT_EMIT_LOC_STRINGS = YES;
				SWIFT_VERSION = 5.0;
				TARGETED_DEVICE_FAMILY = "1,2";
			};
			name = Debug;
		};
		0E113BF52A0A0FA500AB2EC8 /* Release */ = {
			isa = XCBuildConfiguration;
			buildSettings = {
				ASSETCATALOG_COMPILER_APPICON_NAME = AppIcon;
				ASSETCATALOG_COMPILER_GLOBAL_ACCENT_COLOR_NAME = AccentColor;
				CODE_SIGN_STYLE = Automatic;
				CURRENT_PROJECT_VERSION = 1;
				DEVELOPMENT_ASSET_PATHS = "\"PocketLearner/Preview Content\"";
				ENABLE_PREVIEWS = YES;
				GENERATE_INFOPLIST_FILE = YES;
				INFOPLIST_KEY_UIApplicationSceneManifest_Generation = YES;
				INFOPLIST_KEY_UIApplicationSupportsIndirectInputEvents = YES;
				INFOPLIST_KEY_UILaunchScreen_Generation = YES;
				INFOPLIST_KEY_UISupportedInterfaceOrientations_iPad = "UIInterfaceOrientationPortrait UIInterfaceOrientationPortraitUpsideDown UIInterfaceOrientationLandscapeLeft UIInterfaceOrientationLandscapeRight";
				INFOPLIST_KEY_UISupportedInterfaceOrientations_iPhone = "UIInterfaceOrientationPortrait UIInterfaceOrientationLandscapeLeft UIInterfaceOrientationLandscapeRight";
				LD_RUNPATH_SEARCH_PATHS = (
					"$(inherited)",
					"@executable_path/Frameworks",
				);
				MARKETING_VERSION = 1.0;
				PRODUCT_BUNDLE_IDENTIFIER = Atarashii.PocketLearner;
				PRODUCT_NAME = "$(TARGET_NAME)";
				SWIFT_EMIT_LOC_STRINGS = YES;
				SWIFT_VERSION = 5.0;
				TARGETED_DEVICE_FAMILY = "1,2";
			};
			name = Release;
		};
/* End XCBuildConfiguration section */

/* Begin XCConfigurationList section */
		0E113BE02A0A0FA400AB2EC8 /* Build configuration list for PBXProject "PocketLearner" */ = {
			isa = XCConfigurationList;
			buildConfigurations = (
				0E113BF12A0A0FA500AB2EC8 /* Debug */,
				0E113BF22A0A0FA500AB2EC8 /* Release */,
			);
			defaultConfigurationIsVisible = 0;
			defaultConfigurationName = Release;
		};
		0E113BF32A0A0FA500AB2EC8 /* Build configuration list for PBXNativeTarget "PocketLearner" */ = {
			isa = XCConfigurationList;
			buildConfigurations = (
				0E113BF42A0A0FA500AB2EC8 /* Debug */,
				0E113BF52A0A0FA500AB2EC8 /* Release */,
			);
			defaultConfigurationIsVisible = 0;
			defaultConfigurationName = Release;
		};
/* End XCConfigurationList section */
	};
	rootObject = 0E113BDD2A0A0FA400AB2EC8 /* Project object */;
}
