// !$*UTF8*$!
{
	archiveVersion = 1;
	classes = {
	};
	objectVersion = 56;
	objects = {

/* Begin PBXBuildFile section */
		0E113BE92A0A0FA400AB2EC8 /* PocketLearnerApp.swift in Sources */ = {isa = PBXBuildFile; fileRef = 0E113BE82A0A0FA400AB2EC8 /* PocketLearnerApp.swift */; };
		0E113BED2A0A0FA500AB2EC8 /* Assets.xcassets in Resources */ = {isa = PBXBuildFile; fileRef = 0E113BEC2A0A0FA500AB2EC8 /* Assets.xcassets */; };
		0E113BF02A0A0FA500AB2EC8 /* Preview Assets.xcassets in Resources */ = {isa = PBXBuildFile; fileRef = 0E113BEF2A0A0FA500AB2EC8 /* Preview Assets.xcassets */; };
		0E3742732A0B618400647F0E /* Components.swift in Sources */ = {isa = PBXBuildFile; fileRef = 0E3742722A0B618400647F0E /* Components.swift */; };
		0E3742752A0B69B200647F0E /* Colors.swift in Sources */ = {isa = PBXBuildFile; fileRef = 0E3742742A0B69B200647F0E /* Colors.swift */; };
		0E42AA832A134A2F00A3E739 /* GoogleService-Info.plist in Resources */ = {isa = PBXBuildFile; fileRef = 0E42AA822A134A2F00A3E739 /* GoogleService-Info.plist */; };
		0E42AA862A134F5900A3E739 /* FirebaseAuth in Frameworks */ = {isa = PBXBuildFile; productRef = 0E42AA852A134F5900A3E739 /* FirebaseAuth */; };
		0E42AA882A134F5900A3E739 /* FirebaseFirestore in Frameworks */ = {isa = PBXBuildFile; productRef = 0E42AA872A134F5900A3E739 /* FirebaseFirestore */; };
		0E42AA8A2A134F5900A3E739 /* FirebaseStorage in Frameworks */ = {isa = PBXBuildFile; productRef = 0E42AA892A134F5900A3E739 /* FirebaseStorage */; };
		0E52FFE82A11378E004E39F2 /* welcomeAlertView.swift in Sources */ = {isa = PBXBuildFile; fileRef = 0E52FFE72A11378E004E39F2 /* welcomeAlertView.swift */; };
		0E6B30332A0A4BB100521DE2 /* CommentCreateView.swift in Sources */ = {isa = PBXBuildFile; fileRef = 0E6B30322A0A4BB100521DE2 /* CommentCreateView.swift */; };
		0E6BDA4D2A12144F007E9621 /* WishSkillHorizontalScrollView.swift in Sources */ = {isa = PBXBuildFile; fileRef = 0E6BDA4C2A12144F007E9621 /* WishSkillHorizontalScrollView.swift */; };
		0E6DB2C32A0A29C500F6C8DC /* CardDetailView.swift in Sources */ = {isa = PBXBuildFile; fileRef = 0E6DB2C12A0A29C500F6C8DC /* CardDetailView.swift */; };
		0E6DB2C42A0A29C500F6C8DC /* SkillSetHorizontalScrollView.swift in Sources */ = {isa = PBXBuildFile; fileRef = 0E6DB2C22A0A29C500F6C8DC /* SkillSetHorizontalScrollView.swift */; };
		0E6DB2C82A0A29D700F6C8DC /* EditCardDesignView.swift in Sources */ = {isa = PBXBuildFile; fileRef = 0E6DB2C62A0A29D700F6C8DC /* EditCardDesignView.swift */; };
		0E6DB2C92A0A29D700F6C8DC /* EditCardInfoView.swift in Sources */ = {isa = PBXBuildFile; fileRef = 0E6DB2C72A0A29D700F6C8DC /* EditCardInfoView.swift */; };
		0E6DB2CD2A0A29F000F6C8DC /* InitialCardNameView.swift in Sources */ = {isa = PBXBuildFile; fileRef = 0E6DB2CC2A0A29F000F6C8DC /* InitialCardNameView.swift */; };
		0E6DB2D42A0A2A0000F6C8DC /* MainNameCardTabView.swift in Sources */ = {isa = PBXBuildFile; fileRef = 0E6DB2CF2A0A2A0000F6C8DC /* MainNameCardTabView.swift */; };
		0E6DB2D52A0A2A0000F6C8DC /* CardCollectionView.swift in Sources */ = {isa = PBXBuildFile; fileRef = 0E6DB2D02A0A2A0000F6C8DC /* CardCollectionView.swift */; };
		0E6DB2D62A0A2A0000F6C8DC /* MainTabView.swift in Sources */ = {isa = PBXBuildFile; fileRef = 0E6DB2D12A0A2A0000F6C8DC /* MainTabView.swift */; };
		0E6DB2D72A0A2A0000F6C8DC /* MyCardView.swift in Sources */ = {isa = PBXBuildFile; fileRef = 0E6DB2D22A0A2A0000F6C8DC /* MyCardView.swift */; };
		0E6DB2D82A0A2A0000F6C8DC /* CardTemplate.swift in Sources */ = {isa = PBXBuildFile; fileRef = 0E6DB2D32A0A2A0000F6C8DC /* CardTemplate.swift */; };
		0E6DB2DF2A0A2A1C00F6C8DC /* CreateNickNameView.swift in Sources */ = {isa = PBXBuildFile; fileRef = 0E6DB2DB2A0A2A1C00F6C8DC /* CreateNickNameView.swift */; };
		0E6DB2E02A0A2A1C00F6C8DC /* CreateTimeView.swift in Sources */ = {isa = PBXBuildFile; fileRef = 0E6DB2DC2A0A2A1C00F6C8DC /* CreateTimeView.swift */; };
		0E6DB2E12A0A2A1C00F6C8DC /* AppleLoginView.swift in Sources */ = {isa = PBXBuildFile; fileRef = 0E6DB2DD2A0A2A1C00F6C8DC /* AppleLoginView.swift */; };
		0E6DB2E22A0A2A1C00F6C8DC /* IntroView.swift in Sources */ = {isa = PBXBuildFile; fileRef = 0E6DB2DE2A0A2A1C00F6C8DC /* IntroView.swift */; };
		0E6DB2E42A0A305C00F6C8DC /* CommentView.swift in Sources */ = {isa = PBXBuildFile; fileRef = 0E6DB2E32A0A305C00F6C8DC /* CommentView.swift */; };
		0E8D89522A0E2A34008960A6 /* UtilFunction.swift in Sources */ = {isa = PBXBuildFile; fileRef = 0E8D89512A0E2A34008960A6 /* UtilFunction.swift */; };
		0EBBD8872A0CDD6F00B232F1 /* Constants.swift in Sources */ = {isa = PBXBuildFile; fileRef = 0EBBD8862A0CDD6F00B232F1 /* Constants.swift */; };
		0EBBD88A2A0CDDB900B232F1 /* AppleLoginViewModel.swift in Sources */ = {isa = PBXBuildFile; fileRef = 0EBBD8892A0CDDB900B232F1 /* AppleLoginViewModel.swift */; };
		0EBBD88C2A0CDE2200B232F1 /* UserOB.swift in Sources */ = {isa = PBXBuildFile; fileRef = 0EBBD88B2A0CDE2200B232F1 /* UserOB.swift */; };
		0EBBD88E2A0CDE8F00B232F1 /* MainView.swift in Sources */ = {isa = PBXBuildFile; fileRef = 0EBBD88D2A0CDE8F00B232F1 /* MainView.swift */; };
		0EBBD8902A0D29E600B232F1 /* QRCodeScanner.swift in Sources */ = {isa = PBXBuildFile; fileRef = 0EBBD88F2A0D29E600B232F1 /* QRCodeScanner.swift */; };
		0ED6DEDA2A0A1BDF009F21BC /* QRCodeGenerateView.swift in Sources */ = {isa = PBXBuildFile; fileRef = 0ED6DED92A0A1BDF009F21BC /* QRCodeGenerateView.swift */; };
		0EF982502A0FCA96000AB165 /* CardDetailData.swift in Sources */ = {isa = PBXBuildFile; fileRef = 0EF9824F2A0FCA96000AB165 /* CardDetailData.swift */; };
		0EF982522A0FDBFF000AB165 /* FinishGenerateView.swift in Sources */ = {isa = PBXBuildFile; fileRef = 0EF982512A0FDBFF000AB165 /* FinishGenerateView.swift */; };
		8641EF2E2A0A80EC00B05FC4 /* ImagePicker.swift in Sources */ = {isa = PBXBuildFile; fileRef = 8641EF2D2A0A80EC00B05FC4 /* ImagePicker.swift */; };
		8641EF322A0B762100B05FC4 /* hexStringToColor.swift in Sources */ = {isa = PBXBuildFile; fileRef = 8641EF312A0B762100B05FC4 /* hexStringToColor.swift */; };
		869C37892A11905300C1034B /* EditCollaboraionView.swift in Sources */ = {isa = PBXBuildFile; fileRef = 869C37882A11905300C1034B /* EditCollaboraionView.swift */; };
		869C378B2A11A37B00C1034B /* EditSkillView.swift in Sources */ = {isa = PBXBuildFile; fileRef = 869C378A2A11A37B00C1034B /* EditSkillView.swift */; };
		C32664642A0D3F99004777FE /* SelectCommunicationTypeView.swift in Sources */ = {isa = PBXBuildFile; fileRef = C32664632A0D3F99004777FE /* SelectCommunicationTypeView.swift */; };
		C32664662A0D6092004777FE /* CommunicationStyleCard.swift in Sources */ = {isa = PBXBuildFile; fileRef = C32664652A0D6092004777FE /* CommunicationStyleCard.swift */; };
		C32FEA702A0BB2C200CE0663 /* SelectRoleGoalView.swift in Sources */ = {isa = PBXBuildFile; fileRef = C32FEA6F2A0BB2C200CE0663 /* SelectRoleGoalView.swift */; };
		C32FEA7A2A0BE4A800CE0663 /* GoalOption.swift in Sources */ = {isa = PBXBuildFile; fileRef = C32FEA792A0BE4A800CE0663 /* GoalOption.swift */; };
		C32FEA7E2A0BE59900CE0663 /* GoalPickerMenuList.swift in Sources */ = {isa = PBXBuildFile; fileRef = C32FEA7D2A0BE59900CE0663 /* GoalPickerMenuList.swift */; };
		C32FEA802A0C097900CE0663 /* RoleGoalInputSheetView.swift in Sources */ = {isa = PBXBuildFile; fileRef = C32FEA7F2A0C097900CE0663 /* RoleGoalInputSheetView.swift */; };
		C36366292A0A31B400E4E9C6 /* CardGenerateViewHeader.swift in Sources */ = {isa = PBXBuildFile; fileRef = C36366282A0A31B400E4E9C6 /* CardGenerateViewHeader.swift */; };
		C363662B2A0B6C6900E4E9C6 /* CardGenerateTextEditorView.swift in Sources */ = {isa = PBXBuildFile; fileRef = C363662A2A0B6C6900E4E9C6 /* CardGenerateTextEditorView.swift */; };
		C3B5E1F22A84E6A000A801E6 /* Color+.swift in Sources */ = {isa = PBXBuildFile; fileRef = C3B5E1F12A84E6A000A801E6 /* Color+.swift */; };
		C3B5E1F42A84E9B900A801E6 /* Font+.swift in Sources */ = {isa = PBXBuildFile; fileRef = C3B5E1F32A84E9B900A801E6 /* Font+.swift */; };
		C3B5E1FB2A85242D00A801E6 /* UIScreen+.swift in Sources */ = {isa = PBXBuildFile; fileRef = C3B5E1FA2A85242D00A801E6 /* UIScreen+.swift */; };
		C3E8B3842A0DF55E00AA76CC /* SelectCollaborationKeywordView.swift in Sources */ = {isa = PBXBuildFile; fileRef = C3E8B3832A0DF55E00AA76CC /* SelectCollaborationKeywordView.swift */; };
		C3E8B3862A10C61900AA76CC /* SelectMySkillView.swift in Sources */ = {isa = PBXBuildFile; fileRef = C3E8B3852A10C61900AA76CC /* SelectMySkillView.swift */; };
		C3E8B3892A110AB300AA76CC /* Flow in Frameworks */ = {isa = PBXBuildFile; productRef = C3E8B3882A110AB300AA76CC /* Flow */; };
		C3E8B38B2A11111300AA76CC /* SkillTitleInputSheetView.swift in Sources */ = {isa = PBXBuildFile; fileRef = C3E8B38A2A11111300AA76CC /* SkillTitleInputSheetView.swift */; };
		C3E8B38D2A111AC700AA76CC /* SkillProficiencySheetView.swift in Sources */ = {isa = PBXBuildFile; fileRef = C3E8B38C2A111AC700AA76CC /* SkillProficiencySheetView.swift */; };
		C3E8B3962A11FCDF00AA76CC /* TeamCommingSoonView.swift in Sources */ = {isa = PBXBuildFile; fileRef = C3E8B3952A11FCDF00AA76CC /* TeamCommingSoonView.swift */; };
		EF5D03522A0B86E100678E09 /* Character.swift in Sources */ = {isa = PBXBuildFile; fileRef = EF5D034C2A0B86E100678E09 /* Character.swift */; };
		EF5D03532A0B86E100678E09 /* String.swift in Sources */ = {isa = PBXBuildFile; fileRef = EF5D034D2A0B86E100678E09 /* String.swift */; };
		EF5D03542A0B86E100678E09 /* MemojiView.swift in Sources */ = {isa = PBXBuildFile; fileRef = EF5D034F2A0B86E100678E09 /* MemojiView.swift */; };
		EF5D03552A0B86E100678E09 /* CircularImageView.swift in Sources */ = {isa = PBXBuildFile; fileRef = EF5D03502A0B86E100678E09 /* CircularImageView.swift */; };
		EF5D03562A0B86E100678E09 /* MemojiTextField.swift in Sources */ = {isa = PBXBuildFile; fileRef = EF5D03512A0B86E100678E09 /* MemojiTextField.swift */; };
		EFAD50D92A0D48BE0057DD9E /* ConvertedMemojiView.swift in Sources */ = {isa = PBXBuildFile; fileRef = EFAD50D82A0D48BE0057DD9E /* ConvertedMemojiView.swift */; };
/* End PBXBuildFile section */

/* Begin PBXFileReference section */
		0E113BE52A0A0FA400AB2EC8 /* PocketLearner.app */ = {isa = PBXFileReference; explicitFileType = wrapper.application; includeInIndex = 0; path = PocketLearner.app; sourceTree = BUILT_PRODUCTS_DIR; };
		0E113BE82A0A0FA400AB2EC8 /* PocketLearnerApp.swift */ = {isa = PBXFileReference; lastKnownFileType = sourcecode.swift; path = PocketLearnerApp.swift; sourceTree = "<group>"; };
		0E113BEC2A0A0FA500AB2EC8 /* Assets.xcassets */ = {isa = PBXFileReference; lastKnownFileType = folder.assetcatalog; path = Assets.xcassets; sourceTree = "<group>"; };
		0E113BEF2A0A0FA500AB2EC8 /* Preview Assets.xcassets */ = {isa = PBXFileReference; lastKnownFileType = folder.assetcatalog; path = "Preview Assets.xcassets"; sourceTree = "<group>"; };
		0E3742722A0B618400647F0E /* Components.swift */ = {isa = PBXFileReference; lastKnownFileType = sourcecode.swift; path = Components.swift; sourceTree = "<group>"; };
		0E3742742A0B69B200647F0E /* Colors.swift */ = {isa = PBXFileReference; lastKnownFileType = sourcecode.swift; path = Colors.swift; sourceTree = "<group>"; };
		0E42AA822A134A2F00A3E739 /* GoogleService-Info.plist */ = {isa = PBXFileReference; fileEncoding = 4; lastKnownFileType = text.plist.xml; path = "GoogleService-Info.plist"; sourceTree = "<group>"; };
		0E52FFE72A11378E004E39F2 /* welcomeAlertView.swift */ = {isa = PBXFileReference; lastKnownFileType = sourcecode.swift; path = welcomeAlertView.swift; sourceTree = "<group>"; };
		0E6B30322A0A4BB100521DE2 /* CommentCreateView.swift */ = {isa = PBXFileReference; lastKnownFileType = sourcecode.swift; path = CommentCreateView.swift; sourceTree = "<group>"; };
		0E6BDA4C2A12144F007E9621 /* WishSkillHorizontalScrollView.swift */ = {isa = PBXFileReference; lastKnownFileType = sourcecode.swift; path = WishSkillHorizontalScrollView.swift; sourceTree = "<group>"; };
		0E6DB2C12A0A29C500F6C8DC /* CardDetailView.swift */ = {isa = PBXFileReference; fileEncoding = 4; lastKnownFileType = sourcecode.swift; path = CardDetailView.swift; sourceTree = "<group>"; };
		0E6DB2C22A0A29C500F6C8DC /* SkillSetHorizontalScrollView.swift */ = {isa = PBXFileReference; fileEncoding = 4; lastKnownFileType = sourcecode.swift; path = SkillSetHorizontalScrollView.swift; sourceTree = "<group>"; };
		0E6DB2C62A0A29D700F6C8DC /* EditCardDesignView.swift */ = {isa = PBXFileReference; fileEncoding = 4; lastKnownFileType = sourcecode.swift; path = EditCardDesignView.swift; sourceTree = "<group>"; };
		0E6DB2C72A0A29D700F6C8DC /* EditCardInfoView.swift */ = {isa = PBXFileReference; fileEncoding = 4; lastKnownFileType = sourcecode.swift; path = EditCardInfoView.swift; sourceTree = "<group>"; };
		0E6DB2CC2A0A29F000F6C8DC /* InitialCardNameView.swift */ = {isa = PBXFileReference; fileEncoding = 4; lastKnownFileType = sourcecode.swift; path = InitialCardNameView.swift; sourceTree = "<group>"; };
		0E6DB2CF2A0A2A0000F6C8DC /* MainNameCardTabView.swift */ = {isa = PBXFileReference; fileEncoding = 4; lastKnownFileType = sourcecode.swift; path = MainNameCardTabView.swift; sourceTree = "<group>"; };
		0E6DB2D02A0A2A0000F6C8DC /* CardCollectionView.swift */ = {isa = PBXFileReference; fileEncoding = 4; lastKnownFileType = sourcecode.swift; path = CardCollectionView.swift; sourceTree = "<group>"; };
		0E6DB2D12A0A2A0000F6C8DC /* MainTabView.swift */ = {isa = PBXFileReference; fileEncoding = 4; lastKnownFileType = sourcecode.swift; path = MainTabView.swift; sourceTree = "<group>"; };
		0E6DB2D22A0A2A0000F6C8DC /* MyCardView.swift */ = {isa = PBXFileReference; fileEncoding = 4; lastKnownFileType = sourcecode.swift; path = MyCardView.swift; sourceTree = "<group>"; };
		0E6DB2D32A0A2A0000F6C8DC /* CardTemplate.swift */ = {isa = PBXFileReference; fileEncoding = 4; lastKnownFileType = sourcecode.swift; path = CardTemplate.swift; sourceTree = "<group>"; };
		0E6DB2DB2A0A2A1C00F6C8DC /* CreateNickNameView.swift */ = {isa = PBXFileReference; fileEncoding = 4; lastKnownFileType = sourcecode.swift; path = CreateNickNameView.swift; sourceTree = "<group>"; };
		0E6DB2DC2A0A2A1C00F6C8DC /* CreateTimeView.swift */ = {isa = PBXFileReference; fileEncoding = 4; lastKnownFileType = sourcecode.swift; path = CreateTimeView.swift; sourceTree = "<group>"; };
		0E6DB2DD2A0A2A1C00F6C8DC /* AppleLoginView.swift */ = {isa = PBXFileReference; fileEncoding = 4; lastKnownFileType = sourcecode.swift; path = AppleLoginView.swift; sourceTree = "<group>"; };
		0E6DB2DE2A0A2A1C00F6C8DC /* IntroView.swift */ = {isa = PBXFileReference; fileEncoding = 4; lastKnownFileType = sourcecode.swift; path = IntroView.swift; sourceTree = "<group>"; };
		0E6DB2E32A0A305C00F6C8DC /* CommentView.swift */ = {isa = PBXFileReference; lastKnownFileType = sourcecode.swift; path = CommentView.swift; sourceTree = "<group>"; };
		0E8D89512A0E2A34008960A6 /* UtilFunction.swift */ = {isa = PBXFileReference; lastKnownFileType = sourcecode.swift; path = UtilFunction.swift; sourceTree = "<group>"; };
		0EBBD8862A0CDD6F00B232F1 /* Constants.swift */ = {isa = PBXFileReference; lastKnownFileType = sourcecode.swift; path = Constants.swift; sourceTree = "<group>"; };
		0EBBD8892A0CDDB900B232F1 /* AppleLoginViewModel.swift */ = {isa = PBXFileReference; lastKnownFileType = sourcecode.swift; path = AppleLoginViewModel.swift; sourceTree = "<group>"; };
		0EBBD88B2A0CDE2200B232F1 /* UserOB.swift */ = {isa = PBXFileReference; lastKnownFileType = sourcecode.swift; path = UserOB.swift; sourceTree = "<group>"; };
		0EBBD88D2A0CDE8F00B232F1 /* MainView.swift */ = {isa = PBXFileReference; lastKnownFileType = sourcecode.swift; path = MainView.swift; sourceTree = "<group>"; };
		0EBBD88F2A0D29E600B232F1 /* QRCodeScanner.swift */ = {isa = PBXFileReference; lastKnownFileType = sourcecode.swift; path = QRCodeScanner.swift; sourceTree = "<group>"; };
		0ED6DED32A0A14C5009F21BC /* PocketLearner.entitlements */ = {isa = PBXFileReference; lastKnownFileType = text.plist.entitlements; path = PocketLearner.entitlements; sourceTree = "<group>"; };
		0ED6DED92A0A1BDF009F21BC /* QRCodeGenerateView.swift */ = {isa = PBXFileReference; fileEncoding = 4; lastKnownFileType = sourcecode.swift; path = QRCodeGenerateView.swift; sourceTree = "<group>"; };
		0EF9824F2A0FCA96000AB165 /* CardDetailData.swift */ = {isa = PBXFileReference; lastKnownFileType = sourcecode.swift; path = CardDetailData.swift; sourceTree = "<group>"; };
		0EF982512A0FDBFF000AB165 /* FinishGenerateView.swift */ = {isa = PBXFileReference; lastKnownFileType = sourcecode.swift; path = FinishGenerateView.swift; sourceTree = "<group>"; };
		8641EF2D2A0A80EC00B05FC4 /* ImagePicker.swift */ = {isa = PBXFileReference; lastKnownFileType = sourcecode.swift; path = ImagePicker.swift; sourceTree = "<group>"; };
		8641EF312A0B762100B05FC4 /* hexStringToColor.swift */ = {isa = PBXFileReference; lastKnownFileType = sourcecode.swift; path = hexStringToColor.swift; sourceTree = "<group>"; };
		869C37882A11905300C1034B /* EditCollaboraionView.swift */ = {isa = PBXFileReference; lastKnownFileType = sourcecode.swift; path = EditCollaboraionView.swift; sourceTree = "<group>"; };
		869C378A2A11A37B00C1034B /* EditSkillView.swift */ = {isa = PBXFileReference; lastKnownFileType = sourcecode.swift; path = EditSkillView.swift; sourceTree = "<group>"; };
		C32664632A0D3F99004777FE /* SelectCommunicationTypeView.swift */ = {isa = PBXFileReference; lastKnownFileType = sourcecode.swift; path = SelectCommunicationTypeView.swift; sourceTree = "<group>"; };
		C32664652A0D6092004777FE /* CommunicationStyleCard.swift */ = {isa = PBXFileReference; lastKnownFileType = sourcecode.swift; path = CommunicationStyleCard.swift; sourceTree = "<group>"; };
		C32FEA6F2A0BB2C200CE0663 /* SelectRoleGoalView.swift */ = {isa = PBXFileReference; lastKnownFileType = sourcecode.swift; path = SelectRoleGoalView.swift; sourceTree = "<group>"; };
		C32FEA792A0BE4A800CE0663 /* GoalOption.swift */ = {isa = PBXFileReference; lastKnownFileType = sourcecode.swift; path = GoalOption.swift; sourceTree = "<group>"; };
		C32FEA7D2A0BE59900CE0663 /* GoalPickerMenuList.swift */ = {isa = PBXFileReference; lastKnownFileType = sourcecode.swift; path = GoalPickerMenuList.swift; sourceTree = "<group>"; };
		C32FEA7F2A0C097900CE0663 /* RoleGoalInputSheetView.swift */ = {isa = PBXFileReference; lastKnownFileType = sourcecode.swift; path = RoleGoalInputSheetView.swift; sourceTree = "<group>"; };
		C36366282A0A31B400E4E9C6 /* CardGenerateViewHeader.swift */ = {isa = PBXFileReference; lastKnownFileType = sourcecode.swift; path = CardGenerateViewHeader.swift; sourceTree = "<group>"; };
		C363662A2A0B6C6900E4E9C6 /* CardGenerateTextEditorView.swift */ = {isa = PBXFileReference; lastKnownFileType = sourcecode.swift; path = CardGenerateTextEditorView.swift; sourceTree = "<group>"; };
		C3B5E1F12A84E6A000A801E6 /* Color+.swift */ = {isa = PBXFileReference; lastKnownFileType = sourcecode.swift; path = "Color+.swift"; sourceTree = "<group>"; };
		C3B5E1F32A84E9B900A801E6 /* Font+.swift */ = {isa = PBXFileReference; lastKnownFileType = sourcecode.swift; path = "Font+.swift"; sourceTree = "<group>"; };
		C3B5E1FA2A85242D00A801E6 /* UIScreen+.swift */ = {isa = PBXFileReference; lastKnownFileType = sourcecode.swift; path = "UIScreen+.swift"; sourceTree = "<group>"; };
		C3E8B3832A0DF55E00AA76CC /* SelectCollaborationKeywordView.swift */ = {isa = PBXFileReference; lastKnownFileType = sourcecode.swift; path = SelectCollaborationKeywordView.swift; sourceTree = "<group>"; };
		C3E8B3852A10C61900AA76CC /* SelectMySkillView.swift */ = {isa = PBXFileReference; lastKnownFileType = sourcecode.swift; path = SelectMySkillView.swift; sourceTree = "<group>"; };
		C3E8B38A2A11111300AA76CC /* SkillTitleInputSheetView.swift */ = {isa = PBXFileReference; lastKnownFileType = sourcecode.swift; path = SkillTitleInputSheetView.swift; sourceTree = "<group>"; };
		C3E8B38C2A111AC700AA76CC /* SkillProficiencySheetView.swift */ = {isa = PBXFileReference; lastKnownFileType = sourcecode.swift; path = SkillProficiencySheetView.swift; sourceTree = "<group>"; };
		C3E8B3952A11FCDF00AA76CC /* TeamCommingSoonView.swift */ = {isa = PBXFileReference; lastKnownFileType = sourcecode.swift; path = TeamCommingSoonView.swift; sourceTree = "<group>"; };
		EF04E6402A0F4AAD00E7288F /* MemojiView.h */ = {isa = PBXFileReference; lastKnownFileType = sourcecode.c.h; path = MemojiView.h; sourceTree = "<group>"; };
		EF5D034C2A0B86E100678E09 /* Character.swift */ = {isa = PBXFileReference; fileEncoding = 4; lastKnownFileType = sourcecode.swift; path = Character.swift; sourceTree = "<group>"; };
		EF5D034D2A0B86E100678E09 /* String.swift */ = {isa = PBXFileReference; fileEncoding = 4; lastKnownFileType = sourcecode.swift; path = String.swift; sourceTree = "<group>"; };
		EF5D034F2A0B86E100678E09 /* MemojiView.swift */ = {isa = PBXFileReference; fileEncoding = 4; lastKnownFileType = sourcecode.swift; path = MemojiView.swift; sourceTree = "<group>"; };
		EF5D03502A0B86E100678E09 /* CircularImageView.swift */ = {isa = PBXFileReference; fileEncoding = 4; lastKnownFileType = sourcecode.swift; path = CircularImageView.swift; sourceTree = "<group>"; };
		EF5D03512A0B86E100678E09 /* MemojiTextField.swift */ = {isa = PBXFileReference; fileEncoding = 4; lastKnownFileType = sourcecode.swift; path = MemojiTextField.swift; sourceTree = "<group>"; };
		EFAD50D82A0D48BE0057DD9E /* ConvertedMemojiView.swift */ = {isa = PBXFileReference; lastKnownFileType = sourcecode.swift; path = ConvertedMemojiView.swift; sourceTree = "<group>"; };
/* End PBXFileReference section */

/* Begin PBXFrameworksBuildPhase section */
		0E113BE22A0A0FA400AB2EC8 /* Frameworks */ = {
			isa = PBXFrameworksBuildPhase;
			buildActionMask = 2147483647;
			files = (
				C3E8B3892A110AB300AA76CC /* Flow in Frameworks */,
				0E42AA8A2A134F5900A3E739 /* FirebaseStorage in Frameworks */,
				0E42AA862A134F5900A3E739 /* FirebaseAuth in Frameworks */,
				0E42AA882A134F5900A3E739 /* FirebaseFirestore in Frameworks */,
			);
			runOnlyForDeploymentPostprocessing = 0;
		};
/* End PBXFrameworksBuildPhase section */

/* Begin PBXGroup section */
		0E113BDC2A0A0FA400AB2EC8 = {
			isa = PBXGroup;
			children = (
				0E42AA822A134A2F00A3E739 /* GoogleService-Info.plist */,
				0E113BE72A0A0FA400AB2EC8 /* PocketLearner */,
				0E113BE62A0A0FA400AB2EC8 /* Products */,
			);
			sourceTree = "<group>";
		};
		0E113BE62A0A0FA400AB2EC8 /* Products */ = {
			isa = PBXGroup;
			children = (
				0E113BE52A0A0FA400AB2EC8 /* PocketLearner.app */,
			);
			name = Products;
			sourceTree = "<group>";
		};
		0E113BE72A0A0FA400AB2EC8 /* PocketLearner */ = {
			isa = PBXGroup;
			children = (
				C3B5E1F02A84E64E00A801E6 /* Extension */,
				0EBBD8882A0CDDA600B232F1 /* OB */,
				0EBBD88D2A0CDE8F00B232F1 /* MainView.swift */,
				0E6DB2BF2A0A29B200F6C8DC /* Views */,
				0E6DB2BE2A0A298C00F6C8DC /* Constants */,
				0E6DB2BA2A0A296A00F6C8DC /* Components */,
				0ED6DED32A0A14C5009F21BC /* PocketLearner.entitlements */,
				0E113BE82A0A0FA400AB2EC8 /* PocketLearnerApp.swift */,
				0E113BEC2A0A0FA500AB2EC8 /* Assets.xcassets */,
				0E113BEE2A0A0FA500AB2EC8 /* Preview Content */,
				C3E8B3952A11FCDF00AA76CC /* TeamCommingSoonView.swift */,
			);
			path = PocketLearner;
			sourceTree = "<group>";
		};
		0E113BEE2A0A0FA500AB2EC8 /* Preview Content */ = {
			isa = PBXGroup;
			children = (
				0E113BEF2A0A0FA500AB2EC8 /* Preview Assets.xcassets */,
			);
			path = "Preview Content";
			sourceTree = "<group>";
		};
		0E6DB2BA2A0A296A00F6C8DC /* Components */ = {
			isa = PBXGroup;
			children = (
				0EBBD8912A0D595300B232F1 /* QRCode */,
				8641EF2D2A0A80EC00B05FC4 /* ImagePicker.swift */,
				8641EF312A0B762100B05FC4 /* hexStringToColor.swift */,
				0E3742722A0B618400647F0E /* Components.swift */,
				0E8D89512A0E2A34008960A6 /* UtilFunction.swift */,
			);
			path = Components;
			sourceTree = "<group>";
		};
		0E6DB2BE2A0A298C00F6C8DC /* Constants */ = {
			isa = PBXGroup;
			children = (
				0E3742742A0B69B200647F0E /* Colors.swift */,
				0EBBD8862A0CDD6F00B232F1 /* Constants.swift */,
			);
			path = Constants;
			sourceTree = "<group>";
		};
		0E6DB2BF2A0A29B200F6C8DC /* Views */ = {
			isa = PBXGroup;
			children = (
				0E6DB2DA2A0A2A1200F6C8DC /* Intro */,
				0E6DB2D92A0A2A0400F6C8DC /* Comment */,
				0E6DB2CE2A0A29F500F6C8DC /* CardList */,
				0E6DB2CB2A0A29E600F6C8DC /* CardGenerate */,
				0E6DB2C52A0A29CC00F6C8DC /* CardDetailEdit */,
				0E6DB2C02A0A29BB00F6C8DC /* CardDetail */,
			);
			path = Views;
			sourceTree = "<group>";
		};
		0E6DB2C02A0A29BB00F6C8DC /* CardDetail */ = {
			isa = PBXGroup;
			children = (
				0E6DB2C12A0A29C500F6C8DC /* CardDetailView.swift */,
				0E6DB2C22A0A29C500F6C8DC /* SkillSetHorizontalScrollView.swift */,
				0E6BDA4C2A12144F007E9621 /* WishSkillHorizontalScrollView.swift */,
			);
			path = CardDetail;
			sourceTree = "<group>";
		};
		0E6DB2C52A0A29CC00F6C8DC /* CardDetailEdit */ = {
			isa = PBXGroup;
			children = (
				EF5D034A2A0B86A300678E09 /* MemojiView */,
				0E6DB2C62A0A29D700F6C8DC /* EditCardDesignView.swift */,
				0E6DB2C72A0A29D700F6C8DC /* EditCardInfoView.swift */,
				869C37882A11905300C1034B /* EditCollaboraionView.swift */,
				869C378A2A11A37B00C1034B /* EditSkillView.swift */,
			);
			path = CardDetailEdit;
			sourceTree = "<group>";
		};
		0E6DB2CB2A0A29E600F6C8DC /* CardGenerate */ = {
			isa = PBXGroup;
			children = (
				0E6DB2CC2A0A29F000F6C8DC /* InitialCardNameView.swift */,
				C36366282A0A31B400E4E9C6 /* CardGenerateViewHeader.swift */,
				C363662A2A0B6C6900E4E9C6 /* CardGenerateTextEditorView.swift */,
				C32FEA6F2A0BB2C200CE0663 /* SelectRoleGoalView.swift */,
				C32FEA792A0BE4A800CE0663 /* GoalOption.swift */,
				C32FEA7D2A0BE59900CE0663 /* GoalPickerMenuList.swift */,
				C32FEA7F2A0C097900CE0663 /* RoleGoalInputSheetView.swift */,
				C32664632A0D3F99004777FE /* SelectCommunicationTypeView.swift */,
				C32664652A0D6092004777FE /* CommunicationStyleCard.swift */,
				C3E8B3832A0DF55E00AA76CC /* SelectCollaborationKeywordView.swift */,
				0EF982512A0FDBFF000AB165 /* FinishGenerateView.swift */,
				C3E8B3852A10C61900AA76CC /* SelectMySkillView.swift */,
				C3E8B38A2A11111300AA76CC /* SkillTitleInputSheetView.swift */,
				C3E8B38C2A111AC700AA76CC /* SkillProficiencySheetView.swift */,
			);
			path = CardGenerate;
			sourceTree = "<group>";
		};
		0E6DB2CE2A0A29F500F6C8DC /* CardList */ = {
			isa = PBXGroup;
			children = (
				0E6DB2D02A0A2A0000F6C8DC /* CardCollectionView.swift */,
				0E6DB2D32A0A2A0000F6C8DC /* CardTemplate.swift */,
				0E6DB2CF2A0A2A0000F6C8DC /* MainNameCardTabView.swift */,
				0E6DB2D12A0A2A0000F6C8DC /* MainTabView.swift */,
				0E6DB2D22A0A2A0000F6C8DC /* MyCardView.swift */,
			);
			path = CardList;
			sourceTree = "<group>";
		};
		0E6DB2D92A0A2A0400F6C8DC /* Comment */ = {
			isa = PBXGroup;
			children = (
				0E6DB2E32A0A305C00F6C8DC /* CommentView.swift */,
				0E6B30322A0A4BB100521DE2 /* CommentCreateView.swift */,
			);
			path = Comment;
			sourceTree = "<group>";
		};
		0E6DB2DA2A0A2A1200F6C8DC /* Intro */ = {
			isa = PBXGroup;
			children = (
				0E6DB2DD2A0A2A1C00F6C8DC /* AppleLoginView.swift */,
				0E6DB2DB2A0A2A1C00F6C8DC /* CreateNickNameView.swift */,
				0E6DB2DC2A0A2A1C00F6C8DC /* CreateTimeView.swift */,
				0E6DB2DE2A0A2A1C00F6C8DC /* IntroView.swift */,
				0E52FFE72A11378E004E39F2 /* welcomeAlertView.swift */,
			);
			path = Intro;
			sourceTree = "<group>";
		};
		0EBBD8882A0CDDA600B232F1 /* OB */ = {
			isa = PBXGroup;
			children = (
				0EBBD8892A0CDDB900B232F1 /* AppleLoginViewModel.swift */,
				0EBBD88B2A0CDE2200B232F1 /* UserOB.swift */,
				0EF9824F2A0FCA96000AB165 /* CardDetailData.swift */,
			);
			name = OB;
			path = Views/OB;
			sourceTree = "<group>";
		};
		0EBBD8912A0D595300B232F1 /* QRCode */ = {
			isa = PBXGroup;
			children = (
				0ED6DED92A0A1BDF009F21BC /* QRCodeGenerateView.swift */,
				0EBBD88F2A0D29E600B232F1 /* QRCodeScanner.swift */,
			);
			path = QRCode;
			sourceTree = "<group>";
		};
		C3B5E1F02A84E64E00A801E6 /* Extension */ = {
			isa = PBXGroup;
			children = (
				C3B5E1F12A84E6A000A801E6 /* Color+.swift */,
				C3B5E1F32A84E9B900A801E6 /* Font+.swift */,
				C3B5E1FA2A85242D00A801E6 /* UIScreen+.swift */,
			);
			path = Extension;
			sourceTree = "<group>";
		};
		EF5D034A2A0B86A300678E09 /* MemojiView */ = {
			isa = PBXGroup;
			children = (
				EF5D03502A0B86E100678E09 /* CircularImageView.swift */,
				EF5D034B2A0B86E100678E09 /* Extension */,
				EF5D03512A0B86E100678E09 /* MemojiTextField.swift */,
				EF04E6402A0F4AAD00E7288F /* MemojiView.h */,
				EF5D034F2A0B86E100678E09 /* MemojiView.swift */,
				EFAD50D82A0D48BE0057DD9E /* ConvertedMemojiView.swift */,
			);
			path = MemojiView;
			sourceTree = "<group>";
		};
		EF5D034B2A0B86E100678E09 /* Extension */ = {
			isa = PBXGroup;
			children = (
				EF5D034C2A0B86E100678E09 /* Character.swift */,
				EF5D034D2A0B86E100678E09 /* String.swift */,
			);
			path = Extension;
			sourceTree = "<group>";
		};
/* End PBXGroup section */

/* Begin PBXNativeTarget section */
		0E113BE42A0A0FA400AB2EC8 /* PocketLearner */ = {
			isa = PBXNativeTarget;
			buildConfigurationList = 0E113BF32A0A0FA500AB2EC8 /* Build configuration list for PBXNativeTarget "PocketLearner" */;
			buildPhases = (
				0E113BE12A0A0FA400AB2EC8 /* Sources */,
				0E113BE22A0A0FA400AB2EC8 /* Frameworks */,
				0E113BE32A0A0FA400AB2EC8 /* Resources */,
			);
			buildRules = (
			);
			dependencies = (
			);
			name = PocketLearner;
			packageProductDependencies = (
				C3E8B3882A110AB300AA76CC /* Flow */,
				0E42AA852A134F5900A3E739 /* FirebaseAuth */,
				0E42AA872A134F5900A3E739 /* FirebaseFirestore */,
				0E42AA892A134F5900A3E739 /* FirebaseStorage */,
			);
			productName = PocketLearner;
			productReference = 0E113BE52A0A0FA400AB2EC8 /* PocketLearner.app */;
			productType = "com.apple.product-type.application";
		};
/* End PBXNativeTarget section */

/* Begin PBXProject section */
		0E113BDD2A0A0FA400AB2EC8 /* Project object */ = {
			isa = PBXProject;
			attributes = {
				BuildIndependentTargetsInParallel = 1;
				LastSwiftUpdateCheck = 1430;
				LastUpgradeCheck = 1430;
				TargetAttributes = {
					0E113BE42A0A0FA400AB2EC8 = {
						CreatedOnToolsVersion = 14.3;
					};
				};
			};
			buildConfigurationList = 0E113BE02A0A0FA400AB2EC8 /* Build configuration list for PBXProject "PocketLearner" */;
			compatibilityVersion = "Xcode 14.0";
			developmentRegion = en;
			hasScannedForEncodings = 0;
			knownRegions = (
				en,
				Base,
			);
			mainGroup = 0E113BDC2A0A0FA400AB2EC8;
			packageReferences = (
				C3E8B3872A110AB300AA76CC /* XCRemoteSwiftPackageReference "SwiftUI-Flow" */,
				0E42AA842A134F5900A3E739 /* XCRemoteSwiftPackageReference "firebase-ios-sdk" */,
			);
			productRefGroup = 0E113BE62A0A0FA400AB2EC8 /* Products */;
			projectDirPath = "";
			projectRoot = "";
			targets = (
				0E113BE42A0A0FA400AB2EC8 /* PocketLearner */,
			);
		};
/* End PBXProject section */

/* Begin PBXResourcesBuildPhase section */
		0E113BE32A0A0FA400AB2EC8 /* Resources */ = {
			isa = PBXResourcesBuildPhase;
			buildActionMask = 2147483647;
			files = (
				0E113BF02A0A0FA500AB2EC8 /* Preview Assets.xcassets in Resources */,
				0E113BED2A0A0FA500AB2EC8 /* Assets.xcassets in Resources */,
				0E42AA832A134A2F00A3E739 /* GoogleService-Info.plist in Resources */,
			);
			runOnlyForDeploymentPostprocessing = 0;
		};
/* End PBXResourcesBuildPhase section */

/* Begin PBXSourcesBuildPhase section */
		0E113BE12A0A0FA400AB2EC8 /* Sources */ = {
			isa = PBXSourcesBuildPhase;
			buildActionMask = 2147483647;
			files = (
				0E6DB2E42A0A305C00F6C8DC /* CommentView.swift in Sources */,
				C3B5E1F42A84E9B900A801E6 /* Font+.swift in Sources */,
				0E3742732A0B618400647F0E /* Components.swift in Sources */,
				C32FEA7A2A0BE4A800CE0663 /* GoalOption.swift in Sources */,
				0E6DB2DF2A0A2A1C00F6C8DC /* CreateNickNameView.swift in Sources */,
				869C378B2A11A37B00C1034B /* EditSkillView.swift in Sources */,
				EFAD50D92A0D48BE0057DD9E /* ConvertedMemojiView.swift in Sources */,
				0E6DB2CD2A0A29F000F6C8DC /* InitialCardNameView.swift in Sources */,
				0EBBD88E2A0CDE8F00B232F1 /* MainView.swift in Sources */,
				C36366292A0A31B400E4E9C6 /* CardGenerateViewHeader.swift in Sources */,
				0E6DB2D42A0A2A0000F6C8DC /* MainNameCardTabView.swift in Sources */,
				EF5D03532A0B86E100678E09 /* String.swift in Sources */,
				C363662B2A0B6C6900E4E9C6 /* CardGenerateTextEditorView.swift in Sources */,
				0ED6DEDA2A0A1BDF009F21BC /* QRCodeGenerateView.swift in Sources */,
				0E6DB2E12A0A2A1C00F6C8DC /* AppleLoginView.swift in Sources */,
				8641EF2E2A0A80EC00B05FC4 /* ImagePicker.swift in Sources */,
				EF5D03552A0B86E100678E09 /* CircularImageView.swift in Sources */,
				869C37892A11905300C1034B /* EditCollaboraionView.swift in Sources */,
				0E6DB2E02A0A2A1C00F6C8DC /* CreateTimeView.swift in Sources */,
				EF5D03522A0B86E100678E09 /* Character.swift in Sources */,
				0EF982522A0FDBFF000AB165 /* FinishGenerateView.swift in Sources */,
				0E6DB2C82A0A29D700F6C8DC /* EditCardDesignView.swift in Sources */,
				0E6DB2D62A0A2A0000F6C8DC /* MainTabView.swift in Sources */,
				0E3742752A0B69B200647F0E /* Colors.swift in Sources */,
				0E6BDA4D2A12144F007E9621 /* WishSkillHorizontalScrollView.swift in Sources */,
				0E6DB2D72A0A2A0000F6C8DC /* MyCardView.swift in Sources */,
				0E52FFE82A11378E004E39F2 /* welcomeAlertView.swift in Sources */,
				C32FEA7E2A0BE59900CE0663 /* GoalPickerMenuList.swift in Sources */,
				0E113BE92A0A0FA400AB2EC8 /* PocketLearnerApp.swift in Sources */,
				C3E8B38D2A111AC700AA76CC /* SkillProficiencySheetView.swift in Sources */,
				0EBBD8902A0D29E600B232F1 /* QRCodeScanner.swift in Sources */,
				0EBBD88C2A0CDE2200B232F1 /* UserOB.swift in Sources */,
				C32664662A0D6092004777FE /* CommunicationStyleCard.swift in Sources */,
				C3E8B3962A11FCDF00AA76CC /* TeamCommingSoonView.swift in Sources */,
				0E6DB2D52A0A2A0000F6C8DC /* CardCollectionView.swift in Sources */,
				C3E8B38B2A11111300AA76CC /* SkillTitleInputSheetView.swift in Sources */,
				EF5D03562A0B86E100678E09 /* MemojiTextField.swift in Sources */,
				0E6DB2D82A0A2A0000F6C8DC /* CardTemplate.swift in Sources */,
				C3B5E1F22A84E6A000A801E6 /* Color+.swift in Sources */,
				0EBBD8872A0CDD6F00B232F1 /* Constants.swift in Sources */,
				0E6DB2E22A0A2A1C00F6C8DC /* IntroView.swift in Sources */,
				C3E8B3862A10C61900AA76CC /* SelectMySkillView.swift in Sources */,
				0EBBD88A2A0CDDB900B232F1 /* AppleLoginViewModel.swift in Sources */,
				0E6DB2C32A0A29C500F6C8DC /* CardDetailView.swift in Sources */,
				C32664642A0D3F99004777FE /* SelectCommunicationTypeView.swift in Sources */,
				C3E8B3842A0DF55E00AA76CC /* SelectCollaborationKeywordView.swift in Sources */,
				C32FEA702A0BB2C200CE0663 /* SelectRoleGoalView.swift in Sources */,
				0E8D89522A0E2A34008960A6 /* UtilFunction.swift in Sources */,
				0E6B30332A0A4BB100521DE2 /* CommentCreateView.swift in Sources */,
				0E6DB2C42A0A29C500F6C8DC /* SkillSetHorizontalScrollView.swift in Sources */,
				C32FEA802A0C097900CE0663 /* RoleGoalInputSheetView.swift in Sources */,
				C3B5E1FB2A85242D00A801E6 /* UIScreen+.swift in Sources */,
				0E6DB2C92A0A29D700F6C8DC /* EditCardInfoView.swift in Sources */,
				EF5D03542A0B86E100678E09 /* MemojiView.swift in Sources */,
				8641EF322A0B762100B05FC4 /* hexStringToColor.swift in Sources */,
				0EF982502A0FCA96000AB165 /* CardDetailData.swift in Sources */,
			);
			runOnlyForDeploymentPostprocessing = 0;
		};
/* End PBXSourcesBuildPhase section */

/* Begin XCBuildConfiguration section */
		0E113BF12A0A0FA500AB2EC8 /* Debug */ = {
			isa = XCBuildConfiguration;
			buildSettings = {
				ALWAYS_SEARCH_USER_PATHS = NO;
				CLANG_ANALYZER_NONNULL = YES;
				CLANG_ANALYZER_NUMBER_OBJECT_CONVERSION = YES_AGGRESSIVE;
				CLANG_CXX_LANGUAGE_STANDARD = "gnu++20";
				CLANG_ENABLE_MODULES = YES;
				CLANG_ENABLE_OBJC_ARC = YES;
				CLANG_ENABLE_OBJC_WEAK = YES;
				CLANG_WARN_BLOCK_CAPTURE_AUTORELEASING = YES;
				CLANG_WARN_BOOL_CONVERSION = YES;
				CLANG_WARN_COMMA = YES;
				CLANG_WARN_CONSTANT_CONVERSION = YES;
				CLANG_WARN_DEPRECATED_OBJC_IMPLEMENTATIONS = YES;
				CLANG_WARN_DIRECT_OBJC_ISA_USAGE = YES_ERROR;
				CLANG_WARN_DOCUMENTATION_COMMENTS = YES;
				CLANG_WARN_EMPTY_BODY = YES;
				CLANG_WARN_ENUM_CONVERSION = YES;
				CLANG_WARN_INFINITE_RECURSION = YES;
				CLANG_WARN_INT_CONVERSION = YES;
				CLANG_WARN_NON_LITERAL_NULL_CONVERSION = YES;
				CLANG_WARN_OBJC_IMPLICIT_RETAIN_SELF = YES;
				CLANG_WARN_OBJC_LITERAL_CONVERSION = YES;
				CLANG_WARN_OBJC_ROOT_CLASS = YES_ERROR;
				CLANG_WARN_QUOTED_INCLUDE_IN_FRAMEWORK_HEADER = YES;
				CLANG_WARN_RANGE_LOOP_ANALYSIS = YES;
				CLANG_WARN_STRICT_PROTOTYPES = YES;
				CLANG_WARN_SUSPICIOUS_MOVE = YES;
				CLANG_WARN_UNGUARDED_AVAILABILITY = YES_AGGRESSIVE;
				CLANG_WARN_UNREACHABLE_CODE = YES;
				CLANG_WARN__DUPLICATE_METHOD_MATCH = YES;
				COPY_PHASE_STRIP = NO;
				DEBUG_INFORMATION_FORMAT = dwarf;
				ENABLE_STRICT_OBJC_MSGSEND = YES;
				ENABLE_TESTABILITY = YES;
				GCC_C_LANGUAGE_STANDARD = gnu11;
				GCC_DYNAMIC_NO_PIC = NO;
				GCC_NO_COMMON_BLOCKS = YES;
				GCC_OPTIMIZATION_LEVEL = 0;
				GCC_PREPROCESSOR_DEFINITIONS = (
					"DEBUG=1",
					"$(inherited)",
				);
				GCC_WARN_64_TO_32_BIT_CONVERSION = YES;
				GCC_WARN_ABOUT_RETURN_TYPE = YES_ERROR;
				GCC_WARN_UNDECLARED_SELECTOR = YES;
				GCC_WARN_UNINITIALIZED_AUTOS = YES_AGGRESSIVE;
				GCC_WARN_UNUSED_FUNCTION = YES;
				GCC_WARN_UNUSED_VARIABLE = YES;
				IPHONEOS_DEPLOYMENT_TARGET = 16.1;
				MTL_ENABLE_DEBUG_INFO = INCLUDE_SOURCE;
				MTL_FAST_MATH = YES;
				ONLY_ACTIVE_ARCH = YES;
				SDKROOT = iphoneos;
				SWIFT_ACTIVE_COMPILATION_CONDITIONS = DEBUG;
				SWIFT_OPTIMIZATION_LEVEL = "-Onone";
			};
			name = Debug;
		};
		0E113BF22A0A0FA500AB2EC8 /* Release */ = {
			isa = XCBuildConfiguration;
			buildSettings = {
				ALWAYS_SEARCH_USER_PATHS = NO;
				CLANG_ANALYZER_NONNULL = YES;
				CLANG_ANALYZER_NUMBER_OBJECT_CONVERSION = YES_AGGRESSIVE;
				CLANG_CXX_LANGUAGE_STANDARD = "gnu++20";
				CLANG_ENABLE_MODULES = YES;
				CLANG_ENABLE_OBJC_ARC = YES;
				CLANG_ENABLE_OBJC_WEAK = YES;
				CLANG_WARN_BLOCK_CAPTURE_AUTORELEASING = YES;
				CLANG_WARN_BOOL_CONVERSION = YES;
				CLANG_WARN_COMMA = YES;
				CLANG_WARN_CONSTANT_CONVERSION = YES;
				CLANG_WARN_DEPRECATED_OBJC_IMPLEMENTATIONS = YES;
				CLANG_WARN_DIRECT_OBJC_ISA_USAGE = YES_ERROR;
				CLANG_WARN_DOCUMENTATION_COMMENTS = YES;
				CLANG_WARN_EMPTY_BODY = YES;
				CLANG_WARN_ENUM_CONVERSION = YES;
				CLANG_WARN_INFINITE_RECURSION = YES;
				CLANG_WARN_INT_CONVERSION = YES;
				CLANG_WARN_NON_LITERAL_NULL_CONVERSION = YES;
				CLANG_WARN_OBJC_IMPLICIT_RETAIN_SELF = YES;
				CLANG_WARN_OBJC_LITERAL_CONVERSION = YES;
				CLANG_WARN_OBJC_ROOT_CLASS = YES_ERROR;
				CLANG_WARN_QUOTED_INCLUDE_IN_FRAMEWORK_HEADER = YES;
				CLANG_WARN_RANGE_LOOP_ANALYSIS = YES;
				CLANG_WARN_STRICT_PROTOTYPES = YES;
				CLANG_WARN_SUSPICIOUS_MOVE = YES;
				CLANG_WARN_UNGUARDED_AVAILABILITY = YES_AGGRESSIVE;
				CLANG_WARN_UNREACHABLE_CODE = YES;
				CLANG_WARN__DUPLICATE_METHOD_MATCH = YES;
				COPY_PHASE_STRIP = NO;
				DEBUG_INFORMATION_FORMAT = "dwarf-with-dsym";
				ENABLE_NS_ASSERTIONS = NO;
				ENABLE_STRICT_OBJC_MSGSEND = YES;
				GCC_C_LANGUAGE_STANDARD = gnu11;
				GCC_NO_COMMON_BLOCKS = YES;
				GCC_WARN_64_TO_32_BIT_CONVERSION = YES;
				GCC_WARN_ABOUT_RETURN_TYPE = YES_ERROR;
				GCC_WARN_UNDECLARED_SELECTOR = YES;
				GCC_WARN_UNINITIALIZED_AUTOS = YES_AGGRESSIVE;
				GCC_WARN_UNUSED_FUNCTION = YES;
				GCC_WARN_UNUSED_VARIABLE = YES;
				IPHONEOS_DEPLOYMENT_TARGET = 16.1;
				MTL_ENABLE_DEBUG_INFO = NO;
				MTL_FAST_MATH = YES;
				SDKROOT = iphoneos;
				SWIFT_COMPILATION_MODE = wholemodule;
				SWIFT_OPTIMIZATION_LEVEL = "-O";
				VALIDATE_PRODUCT = YES;
			};
			name = Release;
		};
		0E113BF42A0A0FA500AB2EC8 /* Debug */ = {
			isa = XCBuildConfiguration;
			buildSettings = {
				ASSETCATALOG_COMPILER_APPICON_NAME = AppIcon;
				ASSETCATALOG_COMPILER_GLOBAL_ACCENT_COLOR_NAME = AccentColor;
				CODE_SIGN_ENTITLEMENTS = PocketLearner/PocketLearner.entitlements;
				CODE_SIGN_IDENTITY = "Apple Development";
				CODE_SIGN_STYLE = Automatic;
				CURRENT_PROJECT_VERSION = 1;
				DEVELOPMENT_ASSET_PATHS = "\"PocketLearner/Preview Content\"";
				DEVELOPMENT_TEAM = PAQ92DM7XD;
				ENABLE_PREVIEWS = YES;
				GENERATE_INFOPLIST_FILE = YES;
				INFOPLIST_KEY_NSCameraUsageDescription = "QR 코드 스캔을 위해 카메라를 사용합니다";
				INFOPLIST_KEY_UIApplicationSceneManifest_Generation = YES;
				INFOPLIST_KEY_UIApplicationSupportsIndirectInputEvents = YES;
				INFOPLIST_KEY_UILaunchScreen_Generation = YES;
				INFOPLIST_KEY_UISupportedInterfaceOrientations = UIInterfaceOrientationPortrait;
				IPHONEOS_DEPLOYMENT_TARGET = 16.1;
				LD_RUNPATH_SEARCH_PATHS = (
					"$(inherited)",
					"@executable_path/Frameworks",
				);
				MARKETING_VERSION = 1.0.1;
				PRODUCT_BUNDLE_IDENTIFIER = Atarashii.PocketLearner;
				PRODUCT_NAME = "$(TARGET_NAME)";
				SUPPORTED_PLATFORMS = "iphoneos iphonesimulator";
				SUPPORTS_MACCATALYST = NO;
				SUPPORTS_MAC_DESIGNED_FOR_IPHONE_IPAD = YES;
				SWIFT_EMIT_LOC_STRINGS = YES;
				SWIFT_VERSION = 5.0;
				TARGETED_DEVICE_FAMILY = 1;
			};
			name = Debug;
		};
		0E113BF52A0A0FA500AB2EC8 /* Release */ = {
			isa = XCBuildConfiguration;
			buildSettings = {
				ASSETCATALOG_COMPILER_APPICON_NAME = AppIcon;
				ASSETCATALOG_COMPILER_GLOBAL_ACCENT_COLOR_NAME = AccentColor;
				CODE_SIGN_ENTITLEMENTS = PocketLearner/PocketLearner.entitlements;
				CODE_SIGN_IDENTITY = "Apple Development";
				CODE_SIGN_STYLE = Automatic;
				CURRENT_PROJECT_VERSION = 1;
				DEVELOPMENT_ASSET_PATHS = "\"PocketLearner/Preview Content\"";
				DEVELOPMENT_TEAM = PAQ92DM7XD;
				ENABLE_PREVIEWS = YES;
				GENERATE_INFOPLIST_FILE = YES;
				INFOPLIST_KEY_NSCameraUsageDescription = "QR 코드 스캔을 위해 카메라를 사용합니다";
				INFOPLIST_KEY_UIApplicationSceneManifest_Generation = YES;
				INFOPLIST_KEY_UIApplicationSupportsIndirectInputEvents = YES;
				INFOPLIST_KEY_UILaunchScreen_Generation = YES;
				INFOPLIST_KEY_UISupportedInterfaceOrientations = UIInterfaceOrientationPortrait;
				IPHONEOS_DEPLOYMENT_TARGET = 16.1;
				LD_RUNPATH_SEARCH_PATHS = (
					"$(inherited)",
					"@executable_path/Frameworks",
				);
				MARKETING_VERSION = 1.0.1;
				PRODUCT_BUNDLE_IDENTIFIER = Atarashii.PocketLearner;
				PRODUCT_NAME = "$(TARGET_NAME)";
				SUPPORTED_PLATFORMS = "iphoneos iphonesimulator";
				SUPPORTS_MACCATALYST = NO;
				SUPPORTS_MAC_DESIGNED_FOR_IPHONE_IPAD = YES;
				SWIFT_EMIT_LOC_STRINGS = YES;
				SWIFT_VERSION = 5.0;
				TARGETED_DEVICE_FAMILY = 1;
			};
			name = Release;
		};
/* End XCBuildConfiguration section */

/* Begin XCConfigurationList section */
		0E113BE02A0A0FA400AB2EC8 /* Build configuration list for PBXProject "PocketLearner" */ = {
			isa = XCConfigurationList;
			buildConfigurations = (
				0E113BF12A0A0FA500AB2EC8 /* Debug */,
				0E113BF22A0A0FA500AB2EC8 /* Release */,
			);
			defaultConfigurationIsVisible = 0;
			defaultConfigurationName = Release;
		};
		0E113BF32A0A0FA500AB2EC8 /* Build configuration list for PBXNativeTarget "PocketLearner" */ = {
			isa = XCConfigurationList;
			buildConfigurations = (
				0E113BF42A0A0FA500AB2EC8 /* Debug */,
				0E113BF52A0A0FA500AB2EC8 /* Release */,
			);
			defaultConfigurationIsVisible = 0;
			defaultConfigurationName = Release;
		};
/* End XCConfigurationList section */

/* Begin XCRemoteSwiftPackageReference section */
		0E42AA842A134F5900A3E739 /* XCRemoteSwiftPackageReference "firebase-ios-sdk" */ = {
			isa = XCRemoteSwiftPackageReference;
			repositoryURL = "https://github.com/firebase/firebase-ios-sdk.git";
			requirement = {
				kind = upToNextMajorVersion;
				minimumVersion = 10.0.0;
			};
		};
		C3E8B3872A110AB300AA76CC /* XCRemoteSwiftPackageReference "SwiftUI-Flow" */ = {
			isa = XCRemoteSwiftPackageReference;
			repositoryURL = "https://github.com/tevelee/SwiftUI-Flow.git";
			requirement = {
				kind = upToNextMajorVersion;
				minimumVersion = 1.0.0;
			};
		};
/* End XCRemoteSwiftPackageReference section */

/* Begin XCSwiftPackageProductDependency section */
		0E42AA852A134F5900A3E739 /* FirebaseAuth */ = {
			isa = XCSwiftPackageProductDependency;
			package = 0E42AA842A134F5900A3E739 /* XCRemoteSwiftPackageReference "firebase-ios-sdk" */;
			productName = FirebaseAuth;
		};
		0E42AA872A134F5900A3E739 /* FirebaseFirestore */ = {
			isa = XCSwiftPackageProductDependency;
			package = 0E42AA842A134F5900A3E739 /* XCRemoteSwiftPackageReference "firebase-ios-sdk" */;
			productName = FirebaseFirestore;
		};
		0E42AA892A134F5900A3E739 /* FirebaseStorage */ = {
			isa = XCSwiftPackageProductDependency;
			package = 0E42AA842A134F5900A3E739 /* XCRemoteSwiftPackageReference "firebase-ios-sdk" */;
			productName = FirebaseStorage;
		};
		C3E8B3882A110AB300AA76CC /* Flow */ = {
			isa = XCSwiftPackageProductDependency;
			package = C3E8B3872A110AB300AA76CC /* XCRemoteSwiftPackageReference "SwiftUI-Flow" */;
			productName = Flow;
		};
/* End XCSwiftPackageProductDependency section */
	};
	rootObject = 0E113BDD2A0A0FA400AB2EC8 /* Project object */;
}
